// !$*UTF8*$!
{
	archiveVersion = 1;
	classes = {
	};
	objectVersion = 55;
	objects = {

/* Begin PBXBuildFile section */
		9243C9D927FA5DAD00B0274B /* AppDelegate.swift in Sources */ = {isa = PBXBuildFile; fileRef = 9243C9D827FA5DAD00B0274B /* AppDelegate.swift */; };
		9243C9DB27FA5DAD00B0274B /* SceneDelegate.swift in Sources */ = {isa = PBXBuildFile; fileRef = 9243C9DA27FA5DAD00B0274B /* SceneDelegate.swift */; };
		9243C9DD27FA5DAD00B0274B /* ViewController.swift in Sources */ = {isa = PBXBuildFile; fileRef = 9243C9DC27FA5DAD00B0274B /* ViewController.swift */; };
		9243C9E027FA5DAD00B0274B /* Main.storyboard in Resources */ = {isa = PBXBuildFile; fileRef = 9243C9DE27FA5DAD00B0274B /* Main.storyboard */; };
		9243C9E227FA5DB300B0274B /* Assets.xcassets in Resources */ = {isa = PBXBuildFile; fileRef = 9243C9E127FA5DB300B0274B /* Assets.xcassets */; };
		9243C9E527FA5DB300B0274B /* LaunchScreen.storyboard in Resources */ = {isa = PBXBuildFile; fileRef = 9243C9E327FA5DB300B0274B /* LaunchScreen.storyboard */; };
		9243C9F027FA5DB400B0274B /* WordleTests.swift in Sources */ = {isa = PBXBuildFile; fileRef = 9243C9EF27FA5DB400B0274B /* WordleTests.swift */; };
		9243C9FA27FA5DB400B0274B /* WordleUITests.swift in Sources */ = {isa = PBXBuildFile; fileRef = 9243C9F927FA5DB400B0274B /* WordleUITests.swift */; };
		9243C9FC27FA5DB400B0274B /* WordleUITestsLaunchTests.swift in Sources */ = {isa = PBXBuildFile; fileRef = 9243C9FB27FA5DB400B0274B /* WordleUITestsLaunchTests.swift */; };
		9243CA0927FA669F00B0274B /* dictionary.txt in Resources */ = {isa = PBXBuildFile; fileRef = 9243CA0827FA669F00B0274B /* dictionary.txt */; };
		9243CA0B27FA7CCB00B0274B /* Wordle.swift in Sources */ = {isa = PBXBuildFile; fileRef = 9243CA0A27FA7CCB00B0274B /* Wordle.swift */; };
		9243CA0D27FA7D1800B0274B /* Model.swift in Sources */ = {isa = PBXBuildFile; fileRef = 9243CA0C27FA7D1800B0274B /* Model.swift */; };
/* End PBXBuildFile section */

/* Begin PBXContainerItemProxy section */
		9243C9EC27FA5DB400B0274B /* PBXContainerItemProxy */ = {
			isa = PBXContainerItemProxy;
			containerPortal = 9243C9CD27FA5DAD00B0274B /* Project object */;
			proxyType = 1;
			remoteGlobalIDString = 9243C9D427FA5DAD00B0274B;
			remoteInfo = Wordle;
		};
		9243C9F627FA5DB400B0274B /* PBXContainerItemProxy */ = {
			isa = PBXContainerItemProxy;
			containerPortal = 9243C9CD27FA5DAD00B0274B /* Project object */;
			proxyType = 1;
			remoteGlobalIDString = 9243C9D427FA5DAD00B0274B;
			remoteInfo = Wordle;
		};
/* End PBXContainerItemProxy section */

/* Begin PBXFileReference section */
		9243C9D527FA5DAD00B0274B /* Wordle.app */ = {isa = PBXFileReference; explicitFileType = wrapper.application; includeInIndex = 0; path = Wordle.app; sourceTree = BUILT_PRODUCTS_DIR; };
		9243C9D827FA5DAD00B0274B /* AppDelegate.swift */ = {isa = PBXFileReference; lastKnownFileType = sourcecode.swift; path = AppDelegate.swift; sourceTree = "<group>"; };
		9243C9DA27FA5DAD00B0274B /* SceneDelegate.swift */ = {isa = PBXFileReference; lastKnownFileType = sourcecode.swift; path = SceneDelegate.swift; sourceTree = "<group>"; };
		9243C9DC27FA5DAD00B0274B /* ViewController.swift */ = {isa = PBXFileReference; lastKnownFileType = sourcecode.swift; path = ViewController.swift; sourceTree = "<group>"; };
		9243C9DF27FA5DAD00B0274B /* Base */ = {isa = PBXFileReference; lastKnownFileType = file.storyboard; name = Base; path = Base.lproj/Main.storyboard; sourceTree = "<group>"; };
		9243C9E127FA5DB300B0274B /* Assets.xcassets */ = {isa = PBXFileReference; lastKnownFileType = folder.assetcatalog; path = Assets.xcassets; sourceTree = "<group>"; };
		9243C9E427FA5DB300B0274B /* Base */ = {isa = PBXFileReference; lastKnownFileType = file.storyboard; name = Base; path = Base.lproj/LaunchScreen.storyboard; sourceTree = "<group>"; };
		9243C9E627FA5DB300B0274B /* Info.plist */ = {isa = PBXFileReference; lastKnownFileType = text.plist.xml; path = Info.plist; sourceTree = "<group>"; };
		9243C9EB27FA5DB400B0274B /* WordleTests.xctest */ = {isa = PBXFileReference; explicitFileType = wrapper.cfbundle; includeInIndex = 0; path = WordleTests.xctest; sourceTree = BUILT_PRODUCTS_DIR; };
		9243C9EF27FA5DB400B0274B /* WordleTests.swift */ = {isa = PBXFileReference; lastKnownFileType = sourcecode.swift; path = WordleTests.swift; sourceTree = "<group>"; };
		9243C9F527FA5DB400B0274B /* WordleUITests.xctest */ = {isa = PBXFileReference; explicitFileType = wrapper.cfbundle; includeInIndex = 0; path = WordleUITests.xctest; sourceTree = BUILT_PRODUCTS_DIR; };
		9243C9F927FA5DB400B0274B /* WordleUITests.swift */ = {isa = PBXFileReference; lastKnownFileType = sourcecode.swift; path = WordleUITests.swift; sourceTree = "<group>"; };
		9243C9FB27FA5DB400B0274B /* WordleUITestsLaunchTests.swift */ = {isa = PBXFileReference; lastKnownFileType = sourcecode.swift; path = WordleUITestsLaunchTests.swift; sourceTree = "<group>"; };
		9243CA0827FA669F00B0274B /* dictionary.txt */ = {isa = PBXFileReference; fileEncoding = 4; lastKnownFileType = text; name = dictionary.txt; path = ../../../Downloads/dictionary.txt; sourceTree = "<group>"; };
		9243CA0A27FA7CCB00B0274B /* Wordle.swift */ = {isa = PBXFileReference; lastKnownFileType = sourcecode.swift; path = Wordle.swift; sourceTree = "<group>"; };
		9243CA0C27FA7D1800B0274B /* Model.swift */ = {isa = PBXFileReference; lastKnownFileType = sourcecode.swift; path = Model.swift; sourceTree = "<group>"; };
/* End PBXFileReference section */

/* Begin PBXFrameworksBuildPhase section */
		9243C9D227FA5DAD00B0274B /* Frameworks */ = {
			isa = PBXFrameworksBuildPhase;
			buildActionMask = 2147483647;
			files = (
			);
			runOnlyForDeploymentPostprocessing = 0;
		};
		9243C9E827FA5DB400B0274B /* Frameworks */ = {
			isa = PBXFrameworksBuildPhase;
			buildActionMask = 2147483647;
			files = (
			);
			runOnlyForDeploymentPostprocessing = 0;
		};
		9243C9F227FA5DB400B0274B /* Frameworks */ = {
			isa = PBXFrameworksBuildPhase;
			buildActionMask = 2147483647;
			files = (
			);
			runOnlyForDeploymentPostprocessing = 0;
		};
/* End PBXFrameworksBuildPhase section */

/* Begin PBXGroup section */
		9243C9CC27FA5DAD00B0274B = {
			isa = PBXGroup;
			children = (
				9243C9D727FA5DAD00B0274B /* Wordle */,
				9243C9EE27FA5DB400B0274B /* WordleTests */,
				9243C9F827FA5DB400B0274B /* WordleUITests */,
				9243C9D627FA5DAD00B0274B /* Products */,
			);
			sourceTree = "<group>";
		};
		9243C9D627FA5DAD00B0274B /* Products */ = {
			isa = PBXGroup;
			children = (
				9243C9D527FA5DAD00B0274B /* Wordle.app */,
				9243C9EB27FA5DB400B0274B /* WordleTests.xctest */,
				9243C9F527FA5DB400B0274B /* WordleUITests.xctest */,
			);
			name = Products;
			sourceTree = "<group>";
		};
		9243C9D727FA5DAD00B0274B /* Wordle */ = {
			isa = PBXGroup;
			children = (
				9243C9D827FA5DAD00B0274B /* AppDelegate.swift */,
				9243C9DA27FA5DAD00B0274B /* SceneDelegate.swift */,
				9243C9DC27FA5DAD00B0274B /* ViewController.swift */,
				9243CA0A27FA7CCB00B0274B /* Wordle.swift */,
				9243C9DE27FA5DAD00B0274B /* Main.storyboard */,
				9243CA0C27FA7D1800B0274B /* Model.swift */,
				9243C9E127FA5DB300B0274B /* Assets.xcassets */,
				9243C9E327FA5DB300B0274B /* LaunchScreen.storyboard */,
				9243C9E627FA5DB300B0274B /* Info.plist */,
				9243CA0827FA669F00B0274B /* dictionary.txt */,
			);
			path = Wordle;
			sourceTree = "<group>";
		};
		9243C9EE27FA5DB400B0274B /* WordleTests */ = {
			isa = PBXGroup;
			children = (
				9243C9EF27FA5DB400B0274B /* WordleTests.swift */,
			);
			path = WordleTests;
			sourceTree = "<group>";
		};
		9243C9F827FA5DB400B0274B /* WordleUITests */ = {
			isa = PBXGroup;
			children = (
				9243C9F927FA5DB400B0274B /* WordleUITests.swift */,
				9243C9FB27FA5DB400B0274B /* WordleUITestsLaunchTests.swift */,
			);
			path = WordleUITests;
			sourceTree = "<group>";
		};
/* End PBXGroup section */

/* Begin PBXNativeTarget section */
		9243C9D427FA5DAD00B0274B /* Wordle */ = {
			isa = PBXNativeTarget;
			buildConfigurationList = 9243C9FF27FA5DB400B0274B /* Build configuration list for PBXNativeTarget "Wordle" */;
			buildPhases = (
				9243C9D127FA5DAD00B0274B /* Sources */,
				9243C9D227FA5DAD00B0274B /* Frameworks */,
				9243C9D327FA5DAD00B0274B /* Resources */,
			);
			buildRules = (
			);
			dependencies = (
			);
			name = Wordle;
			productName = Wordle;
			productReference = 9243C9D527FA5DAD00B0274B /* Wordle.app */;
			productType = "com.apple.product-type.application";
		};
		9243C9EA27FA5DB400B0274B /* WordleTests */ = {
			isa = PBXNativeTarget;
			buildConfigurationList = 9243CA0227FA5DB400B0274B /* Build configuration list for PBXNativeTarget "WordleTests" */;
			buildPhases = (
				9243C9E727FA5DB400B0274B /* Sources */,
				9243C9E827FA5DB400B0274B /* Frameworks */,
				9243C9E927FA5DB400B0274B /* Resources */,
			);
			buildRules = (
			);
			dependencies = (
				9243C9ED27FA5DB400B0274B /* PBXTargetDependency */,
			);
			name = WordleTests;
			productName = WordleTests;
			productReference = 9243C9EB27FA5DB400B0274B /* WordleTests.xctest */;
			productType = "com.apple.product-type.bundle.unit-test";
		};
		9243C9F427FA5DB400B0274B /* WordleUITests */ = {
			isa = PBXNativeTarget;
			buildConfigurationList = 9243CA0527FA5DB400B0274B /* Build configuration list for PBXNativeTarget "WordleUITests" */;
			buildPhases = (
				9243C9F127FA5DB400B0274B /* Sources */,
				9243C9F227FA5DB400B0274B /* Frameworks */,
				9243C9F327FA5DB400B0274B /* Resources */,
			);
			buildRules = (
			);
			dependencies = (
				9243C9F727FA5DB400B0274B /* PBXTargetDependency */,
			);
			name = WordleUITests;
			productName = WordleUITests;
			productReference = 9243C9F527FA5DB400B0274B /* WordleUITests.xctest */;
			productType = "com.apple.product-type.bundle.ui-testing";
		};
/* End PBXNativeTarget section */

/* Begin PBXProject section */
		9243C9CD27FA5DAD00B0274B /* Project object */ = {
			isa = PBXProject;
			attributes = {
				BuildIndependentTargetsInParallel = 1;
				LastSwiftUpdateCheck = 1330;
				LastUpgradeCheck = 1330;
				TargetAttributes = {
					9243C9D427FA5DAD00B0274B = {
						CreatedOnToolsVersion = 13.3;
					};
					9243C9EA27FA5DB400B0274B = {
						CreatedOnToolsVersion = 13.3;
						TestTargetID = 9243C9D427FA5DAD00B0274B;
					};
					9243C9F427FA5DB400B0274B = {
						CreatedOnToolsVersion = 13.3;
						TestTargetID = 9243C9D427FA5DAD00B0274B;
					};
				};
			};
			buildConfigurationList = 9243C9D027FA5DAD00B0274B /* Build configuration list for PBXProject "Wordle" */;
			compatibilityVersion = "Xcode 13.0";
			developmentRegion = en;
			hasScannedForEncodings = 0;
			knownRegions = (
				en,
				Base,
			);
			mainGroup = 9243C9CC27FA5DAD00B0274B;
			productRefGroup = 9243C9D627FA5DAD00B0274B /* Products */;
			projectDirPath = "";
			projectRoot = "";
			targets = (
				9243C9D427FA5DAD00B0274B /* Wordle */,
				9243C9EA27FA5DB400B0274B /* WordleTests */,
				9243C9F427FA5DB400B0274B /* WordleUITests */,
			);
		};
/* End PBXProject section */

/* Begin PBXResourcesBuildPhase section */
		9243C9D327FA5DAD00B0274B /* Resources */ = {
			isa = PBXResourcesBuildPhase;
			buildActionMask = 2147483647;
			files = (
				9243C9E527FA5DB300B0274B /* LaunchScreen.storyboard in Resources */,
				9243C9E227FA5DB300B0274B /* Assets.xcassets in Resources */,
				9243CA0927FA669F00B0274B /* dictionary.txt in Resources */,
				9243C9E027FA5DAD00B0274B /* Main.storyboard in Resources */,
			);
			runOnlyForDeploymentPostprocessing = 0;
		};
		9243C9E927FA5DB400B0274B /* Resources */ = {
			isa = PBXResourcesBuildPhase;
			buildActionMask = 2147483647;
			files = (
			);
			runOnlyForDeploymentPostprocessing = 0;
		};
		9243C9F327FA5DB400B0274B /* Resources */ = {
			isa = PBXResourcesBuildPhase;
			buildActionMask = 2147483647;
			files = (
			);
			runOnlyForDeploymentPostprocessing = 0;
		};
/* End PBXResourcesBuildPhase section */

/* Begin PBXSourcesBuildPhase section */
		9243C9D127FA5DAD00B0274B /* Sources */ = {
			isa = PBXSourcesBuildPhase;
			buildActionMask = 2147483647;
			files = (
				9243CA0D27FA7D1800B0274B /* Model.swift in Sources */,
				9243CA0B27FA7CCB00B0274B /* Wordle.swift in Sources */,
				9243C9DD27FA5DAD00B0274B /* ViewController.swift in Sources */,
				9243C9D927FA5DAD00B0274B /* AppDelegate.swift in Sources */,
				9243C9DB27FA5DAD00B0274B /* SceneDelegate.swift in Sources */,
			);
			runOnlyForDeploymentPostprocessing = 0;
		};
		9243C9E727FA5DB400B0274B /* Sources */ = {
			isa = PBXSourcesBuildPhase;
			buildActionMask = 2147483647;
			files = (
				9243C9F027FA5DB400B0274B /* WordleTests.swift in Sources */,
			);
			runOnlyForDeploymentPostprocessing = 0;
		};
		9243C9F127FA5DB400B0274B /* Sources */ = {
			isa = PBXSourcesBuildPhase;
			buildActionMask = 2147483647;
			files = (
				9243C9FA27FA5DB400B0274B /* WordleUITests.swift in Sources */,
				9243C9FC27FA5DB400B0274B /* WordleUITestsLaunchTests.swift in Sources */,
			);
			runOnlyForDeploymentPostprocessing = 0;
		};
/* End PBXSourcesBuildPhase section */

/* Begin PBXTargetDependency section */
		9243C9ED27FA5DB400B0274B /* PBXTargetDependency */ = {
			isa = PBXTargetDependency;
			target = 9243C9D427FA5DAD00B0274B /* Wordle */;
			targetProxy = 9243C9EC27FA5DB400B0274B /* PBXContainerItemProxy */;
		};
		9243C9F727FA5DB400B0274B /* PBXTargetDependency */ = {
			isa = PBXTargetDependency;
			target = 9243C9D427FA5DAD00B0274B /* Wordle */;
			targetProxy = 9243C9F627FA5DB400B0274B /* PBXContainerItemProxy */;
		};
/* End PBXTargetDependency section */

/* Begin PBXVariantGroup section */
		9243C9DE27FA5DAD00B0274B /* Main.storyboard */ = {
			isa = PBXVariantGroup;
			children = (
				9243C9DF27FA5DAD00B0274B /* Base */,
			);
			name = Main.storyboard;
			sourceTree = "<group>";
		};
		9243C9E327FA5DB300B0274B /* LaunchScreen.storyboard */ = {
			isa = PBXVariantGroup;
			children = (
				9243C9E427FA5DB300B0274B /* Base */,
			);
			name = LaunchScreen.storyboard;
			sourceTree = "<group>";
		};
/* End PBXVariantGroup section */

/* Begin XCBuildConfiguration section */
		9243C9FD27FA5DB400B0274B /* Debug */ = {
			isa = XCBuildConfiguration;
			buildSettings = {
				ALWAYS_SEARCH_USER_PATHS = NO;
				CLANG_ANALYZER_NONNULL = YES;
				CLANG_ANALYZER_NUMBER_OBJECT_CONVERSION = YES_AGGRESSIVE;
				CLANG_CXX_LANGUAGE_STANDARD = "gnu++17";
				CLANG_ENABLE_MODULES = YES;
				CLANG_ENABLE_OBJC_ARC = YES;
				CLANG_ENABLE_OBJC_WEAK = YES;
				CLANG_WARN_BLOCK_CAPTURE_AUTORELEASING = YES;
				CLANG_WARN_BOOL_CONVERSION = YES;
				CLANG_WARN_COMMA = YES;
				CLANG_WARN_CONSTANT_CONVERSION = YES;
				CLANG_WARN_DEPRECATED_OBJC_IMPLEMENTATIONS = YES;
				CLANG_WARN_DIRECT_OBJC_ISA_USAGE = YES_ERROR;
				CLANG_WARN_DOCUMENTATION_COMMENTS = YES;
				CLANG_WARN_EMPTY_BODY = YES;
				CLANG_WARN_ENUM_CONVERSION = YES;
				CLANG_WARN_INFINITE_RECURSION = YES;
				CLANG_WARN_INT_CONVERSION = YES;
				CLANG_WARN_NON_LITERAL_NULL_CONVERSION = YES;
				CLANG_WARN_OBJC_IMPLICIT_RETAIN_SELF = YES;
				CLANG_WARN_OBJC_LITERAL_CONVERSION = YES;
				CLANG_WARN_OBJC_ROOT_CLASS = YES_ERROR;
				CLANG_WARN_QUOTED_INCLUDE_IN_FRAMEWORK_HEADER = YES;
				CLANG_WARN_RANGE_LOOP_ANALYSIS = YES;
				CLANG_WARN_STRICT_PROTOTYPES = YES;
				CLANG_WARN_SUSPICIOUS_MOVE = YES;
				CLANG_WARN_UNGUARDED_AVAILABILITY = YES_AGGRESSIVE;
				CLANG_WARN_UNREACHABLE_CODE = YES;
				CLANG_WARN__DUPLICATE_METHOD_MATCH = YES;
				COPY_PHASE_STRIP = NO;
				DEBUG_INFORMATION_FORMAT = dwarf;
				ENABLE_STRICT_OBJC_MSGSEND = YES;
				ENABLE_TESTABILITY = YES;
				GCC_C_LANGUAGE_STANDARD = gnu11;
				GCC_DYNAMIC_NO_PIC = NO;
				GCC_NO_COMMON_BLOCKS = YES;
				GCC_OPTIMIZATION_LEVEL = 0;
				GCC_PREPROCESSOR_DEFINITIONS = (
					"DEBUG=1",
					"$(inherited)",
				);
				GCC_WARN_64_TO_32_BIT_CONVERSION = YES;
				GCC_WARN_ABOUT_RETURN_TYPE = YES_ERROR;
				GCC_WARN_UNDECLARED_SELECTOR = YES;
				GCC_WARN_UNINITIALIZED_AUTOS = YES_AGGRESSIVE;
				GCC_WARN_UNUSED_FUNCTION = YES;
				GCC_WARN_UNUSED_VARIABLE = YES;
				IPHONEOS_DEPLOYMENT_TARGET = 15.4;
				MTL_ENABLE_DEBUG_INFO = INCLUDE_SOURCE;
				MTL_FAST_MATH = YES;
				ONLY_ACTIVE_ARCH = YES;
				SDKROOT = iphoneos;
				SWIFT_ACTIVE_COMPILATION_CONDITIONS = DEBUG;
				SWIFT_OPTIMIZATION_LEVEL = "-Onone";
			};
			name = Debug;
		};
		9243C9FE27FA5DB400B0274B /* Release */ = {
			isa = XCBuildConfiguration;
			buildSettings = {
				ALWAYS_SEARCH_USER_PATHS = NO;
				CLANG_ANALYZER_NONNULL = YES;
				CLANG_ANALYZER_NUMBER_OBJECT_CONVERSION = YES_AGGRESSIVE;
				CLANG_CXX_LANGUAGE_STANDARD = "gnu++17";
				CLANG_ENABLE_MODULES = YES;
				CLANG_ENABLE_OBJC_ARC = YES;
				CLANG_ENABLE_OBJC_WEAK = YES;
				CLANG_WARN_BLOCK_CAPTURE_AUTORELEASING = YES;
				CLANG_WARN_BOOL_CONVERSION = YES;
				CLANG_WARN_COMMA = YES;
				CLANG_WARN_CONSTANT_CONVERSION = YES;
				CLANG_WARN_DEPRECATED_OBJC_IMPLEMENTATIONS = YES;
				CLANG_WARN_DIRECT_OBJC_ISA_USAGE = YES_ERROR;
				CLANG_WARN_DOCUMENTATION_COMMENTS = YES;
				CLANG_WARN_EMPTY_BODY = YES;
				CLANG_WARN_ENUM_CONVERSION = YES;
				CLANG_WARN_INFINITE_RECURSION = YES;
				CLANG_WARN_INT_CONVERSION = YES;
				CLANG_WARN_NON_LITERAL_NULL_CONVERSION = YES;
				CLANG_WARN_OBJC_IMPLICIT_RETAIN_SELF = YES;
				CLANG_WARN_OBJC_LITERAL_CONVERSION = YES;
				CLANG_WARN_OBJC_ROOT_CLASS = YES_ERROR;
				CLANG_WARN_QUOTED_INCLUDE_IN_FRAMEWORK_HEADER = YES;
				CLANG_WARN_RANGE_LOOP_ANALYSIS = YES;
				CLANG_WARN_STRICT_PROTOTYPES = YES;
				CLANG_WARN_SUSPICIOUS_MOVE = YES;
				CLANG_WARN_UNGUARDED_AVAILABILITY = YES_AGGRESSIVE;
				CLANG_WARN_UNREACHABLE_CODE = YES;
				CLANG_WARN__DUPLICATE_METHOD_MATCH = YES;
				COPY_PHASE_STRIP = NO;
				DEBUG_INFORMATION_FORMAT = "dwarf-with-dsym";
				ENABLE_NS_ASSERTIONS = NO;
				ENABLE_STRICT_OBJC_MSGSEND = YES;
				GCC_C_LANGUAGE_STANDARD = gnu11;
				GCC_NO_COMMON_BLOCKS = YES;
				GCC_WARN_64_TO_32_BIT_CONVERSION = YES;
				GCC_WARN_ABOUT_RETURN_TYPE = YES_ERROR;
				GCC_WARN_UNDECLARED_SELECTOR = YES;
				GCC_WARN_UNINITIALIZED_AUTOS = YES_AGGRESSIVE;
				GCC_WARN_UNUSED_FUNCTION = YES;
				GCC_WARN_UNUSED_VARIABLE = YES;
				IPHONEOS_DEPLOYMENT_TARGET = 15.4;
				MTL_ENABLE_DEBUG_INFO = NO;
				MTL_FAST_MATH = YES;
				SDKROOT = iphoneos;
				SWIFT_COMPILATION_MODE = wholemodule;
				SWIFT_OPTIMIZATION_LEVEL = "-O";
				VALIDATE_PRODUCT = YES;
			};
			name = Release;
		};
		9243CA0027FA5DB400B0274B /* Debug */ = {
			isa = XCBuildConfiguration;
			buildSettings = {
				ASSETCATALOG_COMPILER_APPICON_NAME = AppIcon;
				ASSETCATALOG_COMPILER_GLOBAL_ACCENT_COLOR_NAME = AccentColor;
				CODE_SIGN_STYLE = Automatic;
				CURRENT_PROJECT_VERSION = 1;
				GENERATE_INFOPLIST_FILE = YES;
				INFOPLIST_FILE = Wordle/Info.plist;
				INFOPLIST_KEY_UIApplicationSupportsIndirectInputEvents = YES;
				INFOPLIST_KEY_UILaunchStoryboardName = LaunchScreen;
				INFOPLIST_KEY_UIMainStoryboardFile = Main;
				INFOPLIST_KEY_UISupportedInterfaceOrientations_iPad = "UIInterfaceOrientationPortrait UIInterfaceOrientationPortraitUpsideDown UIInterfaceOrientationLandscapeLeft UIInterfaceOrientationLandscapeRight";
				INFOPLIST_KEY_UISupportedInterfaceOrientations_iPhone = "UIInterfaceOrientationPortrait UIInterfaceOrientationLandscapeLeft UIInterfaceOrientationLandscapeRight";
				LD_RUNPATH_SEARCH_PATHS = (
					"$(inherited)",
					"@executable_path/Frameworks",
				);
				MARKETING_VERSION = 1.0;
				PRODUCT_BUNDLE_IDENTIFIER = com.Aryan.Wordle;
				PRODUCT_NAME = "$(TARGET_NAME)";
				SWIFT_EMIT_LOC_STRINGS = YES;
				SWIFT_VERSION = 5.0;
				TARGETED_DEVICE_FAMILY = "1,2";
			};
			name = Debug;
		};
		9243CA0127FA5DB400B0274B /* Release */ = {
			isa = XCBuildConfiguration;
			buildSettings = {
				ASSETCATALOG_COMPILER_APPICON_NAME = AppIcon;
				ASSETCATALOG_COMPILER_GLOBAL_ACCENT_COLOR_NAME = AccentColor;
				CODE_SIGN_STYLE = Automatic;
				CURRENT_PROJECT_VERSION = 1;
				GENERATE_INFOPLIST_FILE = YES;
				INFOPLIST_FILE = Wordle/Info.plist;
				INFOPLIST_KEY_UIApplicationSupportsIndirectInputEvents = YES;
				INFOPLIST_KEY_UILaunchStoryboardName = LaunchScreen;
				INFOPLIST_KEY_UIMainStoryboardFile = Main;
				INFOPLIST_KEY_UISupportedInterfaceOrientations_iPad = "UIInterfaceOrientationPortrait UIInterfaceOrientationPortraitUpsideDown UIInterfaceOrientationLandscapeLeft UIInterfaceOrientationLandscapeRight";
				INFOPLIST_KEY_UISupportedInterfaceOrientations_iPhone = "UIInterfaceOrientationPortrait UIInterfaceOrientationLandscapeLeft UIInterfaceOrientationLandscapeRight";
				LD_RUNPATH_SEARCH_PATHS = (
					"$(inherited)",
					"@executable_path/Frameworks",
				);
				MARKETING_VERSION = 1.0;
				PRODUCT_BUNDLE_IDENTIFIER = com.Aryan.Wordle;
				PRODUCT_NAME = "$(TARGET_NAME)";
				SWIFT_EMIT_LOC_STRINGS = YES;
				SWIFT_VERSION = 5.0;
				TARGETED_DEVICE_FAMILY = "1,2";
			};
			name = Release;
		};
		9243CA0327FA5DB400B0274B /* Debug */ = {
			isa = XCBuildConfiguration;
			buildSettings = {
				ALWAYS_EMBED_SWIFT_STANDARD_LIBRARIES = YES;
				BUNDLE_LOADER = "$(TEST_HOST)";
				CODE_SIGN_STYLE = Automatic;
				CURRENT_PROJECT_VERSION = 1;
				GENERATE_INFOPLIST_FILE = YES;
				IPHONEOS_DEPLOYMENT_TARGET = 15.4;
				MARKETING_VERSION = 1.0;
				PRODUCT_BUNDLE_IDENTIFIER = com.Aryan.WordleTests;
				PRODUCT_NAME = "$(TARGET_NAME)";
				SWIFT_EMIT_LOC_STRINGS = NO;
				SWIFT_VERSION = 5.0;
				TARGETED_DEVICE_FAMILY = "1,2";
				TEST_HOST = "$(BUILT_PRODUCTS_DIR)/Wordle.app/Wordle";
			};
			name = Debug;
		};
		9243CA0427FA5DB400B0274B /* Release */ = {
			isa = XCBuildConfiguration;
			buildSettings = {
				ALWAYS_EMBED_SWIFT_STANDARD_LIBRARIES = YES;
				BUNDLE_LOADER = "$(TEST_HOST)";
				CODE_SIGN_STYLE = Automatic;
				CURRENT_PROJECT_VERSION = 1;
				GENERATE_INFOPLIST_FILE = YES;
				IPHONEOS_DEPLOYMENT_TARGET = 15.4;
				MARKETING_VERSION = 1.0;
				PRODUCT_BUNDLE_IDENTIFIER = com.Aryan.WordleTests;
				PRODUCT_NAME = "$(TARGET_NAME)";
				SWIFT_EMIT_LOC_STRINGS = NO;
				SWIFT_VERSION = 5.0;
				TARGETED_DEVICE_FAMILY = "1,2";
				TEST_HOST = "$(BUILT_PRODUCTS_DIR)/Wordle.app/Wordle";
			};
			name = Release;
		};
		9243CA0627FA5DB400B0274B /* Debug */ = {
			isa = XCBuildConfiguration;
			buildSettings = {
				ALWAYS_EMBED_SWIFT_STANDARD_LIBRARIES = YES;
				CODE_SIGN_STYLE = Automatic;
				CURRENT_PROJECT_VERSION = 1;
				GENERATE_INFOPLIST_FILE = YES;
				MARKETING_VERSION = 1.0;
				PRODUCT_BUNDLE_IDENTIFIER = com.Aryan.WordleUITests;
				PRODUCT_NAME = "$(TARGET_NAME)";
				SWIFT_EMIT_LOC_STRINGS = NO;
				SWIFT_VERSION = 5.0;
				TARGETED_DEVICE_FAMILY = "1,2";
				TEST_TARGET_NAME = Wordle;
			};
			name = Debug;
		};
		9243CA0727FA5DB400B0274B /* Release */ = {
			isa = XCBuildConfiguration;
			buildSettings = {
				ALWAYS_EMBED_SWIFT_STANDARD_LIBRARIES = YES;
				CODE_SIGN_STYLE = Automatic;
				CURRENT_PROJECT_VERSION = 1;
				GENERATE_INFOPLIST_FILE = YES;
				MARKETING_VERSION = 1.0;
				PRODUCT_BUNDLE_IDENTIFIER = com.Aryan.WordleUITests;
				PRODUCT_NAME = "$(TARGET_NAME)";
				SWIFT_EMIT_LOC_STRINGS = NO;
				SWIFT_VERSION = 5.0;
				TARGETED_DEVICE_FAMILY = "1,2";
				TEST_TARGET_NAME = Wordle;
			};
			name = Release;
		};
/* End XCBuildConfiguration section */

/* Begin XCConfigurationList section */
		9243C9D027FA5DAD00B0274B /* Build configuration list for PBXProject "Wordle" */ = {
			isa = XCConfigurationList;
			buildConfigurations = (
				9243C9FD27FA5DB400B0274B /* Debug */,
				9243C9FE27FA5DB400B0274B /* Release */,
			);
			defaultConfigurationIsVisible = 0;
			defaultConfigurationName = Release;
		};
		9243C9FF27FA5DB400B0274B /* Build configuration list for PBXNativeTarget "Wordle" */ = {
			isa = XCConfigurationList;
			buildConfigurations = (
				9243CA0027FA5DB400B0274B /* Debug */,
				9243CA0127FA5DB400B0274B /* Release */,
			);
			defaultConfigurationIsVisible = 0;
			defaultConfigurationName = Release;
		};
		9243CA0227FA5DB400B0274B /* Build configuration list for PBXNativeTarget "WordleTests" */ = {
			isa = XCConfigurationList;
			buildConfigurations = (
				9243CA0327FA5DB400B0274B /* Debug */,
				9243CA0427FA5DB400B0274B /* Release */,
			);
			defaultConfigurationIsVisible = 0;
			defaultConfigurationName = Release;
		};
		9243CA0527FA5DB400B0274B /* Build configuration list for PBXNativeTarget "WordleUITests" */ = {
			isa = XCConfigurationList;
			buildConfigurations = (
				9243CA0627FA5DB400B0274B /* Debug */,
				9243CA0727FA5DB400B0274B /* Release */,
			);
			defaultConfigurationIsVisible = 0;
			defaultConfigurationName = Release;
		};
/* End XCConfigurationList section */
	};
	rootObject = 9243C9CD27FA5DAD00B0274B /* Project object */;
}
