// !$*UTF8*$!
{
	archiveVersion = 1;
	classes = {
	};
	objectVersion = 55;
	objects = {

/* Begin PBXBuildFile section */
		92AF4F0F280E3D9D0036D6E7 /* AppDelegate.swift in Sources */ = {isa = PBXBuildFile; fileRef = 92AF4F0E280E3D9D0036D6E7 /* AppDelegate.swift */; };
		92AF4F11280E3D9D0036D6E7 /* SceneDelegate.swift in Sources */ = {isa = PBXBuildFile; fileRef = 92AF4F10280E3D9D0036D6E7 /* SceneDelegate.swift */; };
		92AF4F13280E3D9D0036D6E7 /* ViewController.swift in Sources */ = {isa = PBXBuildFile; fileRef = 92AF4F12280E3D9D0036D6E7 /* ViewController.swift */; };
		92AF4F16280E3D9D0036D6E7 /* Main.storyboard in Resources */ = {isa = PBXBuildFile; fileRef = 92AF4F14280E3D9D0036D6E7 /* Main.storyboard */; };
		92AF4F18280E3DA00036D6E7 /* Assets.xcassets in Resources */ = {isa = PBXBuildFile; fileRef = 92AF4F17280E3DA00036D6E7 /* Assets.xcassets */; };
		92AF4F1B280E3DA00036D6E7 /* LaunchScreen.storyboard in Resources */ = {isa = PBXBuildFile; fileRef = 92AF4F19280E3DA00036D6E7 /* LaunchScreen.storyboard */; };
		92AF4F26280E3DA00036D6E7 /* MorseConverterTests.swift in Sources */ = {isa = PBXBuildFile; fileRef = 92AF4F25280E3DA00036D6E7 /* MorseConverterTests.swift */; };
		92AF4F30280E3DA00036D6E7 /* MorseConverterUITests.swift in Sources */ = {isa = PBXBuildFile; fileRef = 92AF4F2F280E3DA00036D6E7 /* MorseConverterUITests.swift */; };
		92AF4F32280E3DA00036D6E7 /* MorseConverterUITestsLaunchTests.swift in Sources */ = {isa = PBXBuildFile; fileRef = 92AF4F31280E3DA00036D6E7 /* MorseConverterUITestsLaunchTests.swift */; };
/* End PBXBuildFile section */

/* Begin PBXContainerItemProxy section */
		92AF4F22280E3DA00036D6E7 /* PBXContainerItemProxy */ = {
			isa = PBXContainerItemProxy;
			containerPortal = 92AF4F03280E3D9D0036D6E7 /* Project object */;
			proxyType = 1;
			remoteGlobalIDString = 92AF4F0A280E3D9D0036D6E7;
			remoteInfo = MorseConverter;
		};
		92AF4F2C280E3DA00036D6E7 /* PBXContainerItemProxy */ = {
			isa = PBXContainerItemProxy;
			containerPortal = 92AF4F03280E3D9D0036D6E7 /* Project object */;
			proxyType = 1;
			remoteGlobalIDString = 92AF4F0A280E3D9D0036D6E7;
			remoteInfo = MorseConverter;
		};
/* End PBXContainerItemProxy section */

/* Begin PBXFileReference section */
		92AF4F0B280E3D9D0036D6E7 /* MorseConverter.app */ = {isa = PBXFileReference; explicitFileType = wrapper.application; includeInIndex = 0; path = MorseConverter.app; sourceTree = BUILT_PRODUCTS_DIR; };
		92AF4F0E280E3D9D0036D6E7 /* AppDelegate.swift */ = {isa = PBXFileReference; lastKnownFileType = sourcecode.swift; path = AppDelegate.swift; sourceTree = "<group>"; };
		92AF4F10280E3D9D0036D6E7 /* SceneDelegate.swift */ = {isa = PBXFileReference; lastKnownFileType = sourcecode.swift; path = SceneDelegate.swift; sourceTree = "<group>"; };
		92AF4F12280E3D9D0036D6E7 /* ViewController.swift */ = {isa = PBXFileReference; lastKnownFileType = sourcecode.swift; path = ViewController.swift; sourceTree = "<group>"; };
		92AF4F15280E3D9D0036D6E7 /* Base */ = {isa = PBXFileReference; lastKnownFileType = file.storyboard; name = Base; path = Base.lproj/Main.storyboard; sourceTree = "<group>"; };
		92AF4F17280E3DA00036D6E7 /* Assets.xcassets */ = {isa = PBXFileReference; lastKnownFileType = folder.assetcatalog; path = Assets.xcassets; sourceTree = "<group>"; };
		92AF4F1A280E3DA00036D6E7 /* Base */ = {isa = PBXFileReference; lastKnownFileType = file.storyboard; name = Base; path = Base.lproj/LaunchScreen.storyboard; sourceTree = "<group>"; };
		92AF4F1C280E3DA00036D6E7 /* Info.plist */ = {isa = PBXFileReference; lastKnownFileType = text.plist.xml; path = Info.plist; sourceTree = "<group>"; };
		92AF4F21280E3DA00036D6E7 /* MorseConverterTests.xctest */ = {isa = PBXFileReference; explicitFileType = wrapper.cfbundle; includeInIndex = 0; path = MorseConverterTests.xctest; sourceTree = BUILT_PRODUCTS_DIR; };
		92AF4F25280E3DA00036D6E7 /* MorseConverterTests.swift */ = {isa = PBXFileReference; lastKnownFileType = sourcecode.swift; path = MorseConverterTests.swift; sourceTree = "<group>"; };
		92AF4F2B280E3DA00036D6E7 /* MorseConverterUITests.xctest */ = {isa = PBXFileReference; explicitFileType = wrapper.cfbundle; includeInIndex = 0; path = MorseConverterUITests.xctest; sourceTree = BUILT_PRODUCTS_DIR; };
		92AF4F2F280E3DA00036D6E7 /* MorseConverterUITests.swift */ = {isa = PBXFileReference; lastKnownFileType = sourcecode.swift; path = MorseConverterUITests.swift; sourceTree = "<group>"; };
		92AF4F31280E3DA00036D6E7 /* MorseConverterUITestsLaunchTests.swift */ = {isa = PBXFileReference; lastKnownFileType = sourcecode.swift; path = MorseConverterUITestsLaunchTests.swift; sourceTree = "<group>"; };
/* End PBXFileReference section */

/* Begin PBXFrameworksBuildPhase section */
		92AF4F08280E3D9D0036D6E7 /* Frameworks */ = {
			isa = PBXFrameworksBuildPhase;
			buildActionMask = 2147483647;
			files = (
			);
			runOnlyForDeploymentPostprocessing = 0;
		};
		92AF4F1E280E3DA00036D6E7 /* Frameworks */ = {
			isa = PBXFrameworksBuildPhase;
			buildActionMask = 2147483647;
			files = (
			);
			runOnlyForDeploymentPostprocessing = 0;
		};
		92AF4F28280E3DA00036D6E7 /* Frameworks */ = {
			isa = PBXFrameworksBuildPhase;
			buildActionMask = 2147483647;
			files = (
			);
			runOnlyForDeploymentPostprocessing = 0;
		};
/* End PBXFrameworksBuildPhase section */

/* Begin PBXGroup section */
		92AF4F02280E3D9D0036D6E7 = {
			isa = PBXGroup;
			children = (
				92AF4F0D280E3D9D0036D6E7 /* MorseConverter */,
				92AF4F24280E3DA00036D6E7 /* MorseConverterTests */,
				92AF4F2E280E3DA00036D6E7 /* MorseConverterUITests */,
				92AF4F0C280E3D9D0036D6E7 /* Products */,
			);
			sourceTree = "<group>";
		};
		92AF4F0C280E3D9D0036D6E7 /* Products */ = {
			isa = PBXGroup;
			children = (
				92AF4F0B280E3D9D0036D6E7 /* MorseConverter.app */,
				92AF4F21280E3DA00036D6E7 /* MorseConverterTests.xctest */,
				92AF4F2B280E3DA00036D6E7 /* MorseConverterUITests.xctest */,
			);
			name = Products;
			sourceTree = "<group>";
		};
		92AF4F0D280E3D9D0036D6E7 /* MorseConverter */ = {
			isa = PBXGroup;
			children = (
				92AF4F0E280E3D9D0036D6E7 /* AppDelegate.swift */,
				92AF4F10280E3D9D0036D6E7 /* SceneDelegate.swift */,
				92AF4F12280E3D9D0036D6E7 /* ViewController.swift */,
				92AF4F14280E3D9D0036D6E7 /* Main.storyboard */,
				92AF4F17280E3DA00036D6E7 /* Assets.xcassets */,
				92AF4F19280E3DA00036D6E7 /* LaunchScreen.storyboard */,
				92AF4F1C280E3DA00036D6E7 /* Info.plist */,
			);
			path = MorseConverter;
			sourceTree = "<group>";
		};
		92AF4F24280E3DA00036D6E7 /* MorseConverterTests */ = {
			isa = PBXGroup;
			children = (
				92AF4F25280E3DA00036D6E7 /* MorseConverterTests.swift */,
			);
			path = MorseConverterTests;
			sourceTree = "<group>";
		};
		92AF4F2E280E3DA00036D6E7 /* MorseConverterUITests */ = {
			isa = PBXGroup;
			children = (
				92AF4F2F280E3DA00036D6E7 /* MorseConverterUITests.swift */,
				92AF4F31280E3DA00036D6E7 /* MorseConverterUITestsLaunchTests.swift */,
			);
			path = MorseConverterUITests;
			sourceTree = "<group>";
		};
/* End PBXGroup section */

/* Begin PBXNativeTarget section */
		92AF4F0A280E3D9D0036D6E7 /* MorseConverter */ = {
			isa = PBXNativeTarget;
			buildConfigurationList = 92AF4F35280E3DA00036D6E7 /* Build configuration list for PBXNativeTarget "MorseConverter" */;
			buildPhases = (
				92AF4F07280E3D9D0036D6E7 /* Sources */,
				92AF4F08280E3D9D0036D6E7 /* Frameworks */,
				92AF4F09280E3D9D0036D6E7 /* Resources */,
			);
			buildRules = (
			);
			dependencies = (
			);
			name = MorseConverter;
			productName = MorseConverter;
			productReference = 92AF4F0B280E3D9D0036D6E7 /* MorseConverter.app */;
			productType = "com.apple.product-type.application";
		};
		92AF4F20280E3DA00036D6E7 /* MorseConverterTests */ = {
			isa = PBXNativeTarget;
			buildConfigurationList = 92AF4F38280E3DA00036D6E7 /* Build configuration list for PBXNativeTarget "MorseConverterTests" */;
			buildPhases = (
				92AF4F1D280E3DA00036D6E7 /* Sources */,
				92AF4F1E280E3DA00036D6E7 /* Frameworks */,
				92AF4F1F280E3DA00036D6E7 /* Resources */,
			);
			buildRules = (
			);
			dependencies = (
				92AF4F23280E3DA00036D6E7 /* PBXTargetDependency */,
			);
			name = MorseConverterTests;
			productName = MorseConverterTests;
			productReference = 92AF4F21280E3DA00036D6E7 /* MorseConverterTests.xctest */;
			productType = "com.apple.product-type.bundle.unit-test";
		};
		92AF4F2A280E3DA00036D6E7 /* MorseConverterUITests */ = {
			isa = PBXNativeTarget;
			buildConfigurationList = 92AF4F3B280E3DA00036D6E7 /* Build configuration list for PBXNativeTarget "MorseConverterUITests" */;
			buildPhases = (
				92AF4F27280E3DA00036D6E7 /* Sources */,
				92AF4F28280E3DA00036D6E7 /* Frameworks */,
				92AF4F29280E3DA00036D6E7 /* Resources */,
			);
			buildRules = (
			);
			dependencies = (
				92AF4F2D280E3DA00036D6E7 /* PBXTargetDependency */,
			);
			name = MorseConverterUITests;
			productName = MorseConverterUITests;
			productReference = 92AF4F2B280E3DA00036D6E7 /* MorseConverterUITests.xctest */;
			productType = "com.apple.product-type.bundle.ui-testing";
		};
/* End PBXNativeTarget section */

/* Begin PBXProject section */
		92AF4F03280E3D9D0036D6E7 /* Project object */ = {
			isa = PBXProject;
			attributes = {
				BuildIndependentTargetsInParallel = 1;
				LastSwiftUpdateCheck = 1330;
				LastUpgradeCheck = 1330;
				TargetAttributes = {
					92AF4F0A280E3D9D0036D6E7 = {
						CreatedOnToolsVersion = 13.3.1;
					};
					92AF4F20280E3DA00036D6E7 = {
						CreatedOnToolsVersion = 13.3.1;
						TestTargetID = 92AF4F0A280E3D9D0036D6E7;
					};
					92AF4F2A280E3DA00036D6E7 = {
						CreatedOnToolsVersion = 13.3.1;
						TestTargetID = 92AF4F0A280E3D9D0036D6E7;
					};
				};
			};
			buildConfigurationList = 92AF4F06280E3D9D0036D6E7 /* Build configuration list for PBXProject "MorseConverter" */;
			compatibilityVersion = "Xcode 13.0";
			developmentRegion = en;
			hasScannedForEncodings = 0;
			knownRegions = (
				en,
				Base,
			);
			mainGroup = 92AF4F02280E3D9D0036D6E7;
			productRefGroup = 92AF4F0C280E3D9D0036D6E7 /* Products */;
			projectDirPath = "";
			projectRoot = "";
			targets = (
				92AF4F0A280E3D9D0036D6E7 /* MorseConverter */,
				92AF4F20280E3DA00036D6E7 /* MorseConverterTests */,
				92AF4F2A280E3DA00036D6E7 /* MorseConverterUITests */,
			);
		};
/* End PBXProject section */

/* Begin PBXResourcesBuildPhase section */
		92AF4F09280E3D9D0036D6E7 /* Resources */ = {
			isa = PBXResourcesBuildPhase;
			buildActionMask = 2147483647;
			files = (
				92AF4F1B280E3DA00036D6E7 /* LaunchScreen.storyboard in Resources */,
				92AF4F18280E3DA00036D6E7 /* Assets.xcassets in Resources */,
				92AF4F16280E3D9D0036D6E7 /* Main.storyboard in Resources */,
			);
			runOnlyForDeploymentPostprocessing = 0;
		};
		92AF4F1F280E3DA00036D6E7 /* Resources */ = {
			isa = PBXResourcesBuildPhase;
			buildActionMask = 2147483647;
			files = (
			);
			runOnlyForDeploymentPostprocessing = 0;
		};
		92AF4F29280E3DA00036D6E7 /* Resources */ = {
			isa = PBXResourcesBuildPhase;
			buildActionMask = 2147483647;
			files = (
			);
			runOnlyForDeploymentPostprocessing = 0;
		};
/* End PBXResourcesBuildPhase section */

/* Begin PBXSourcesBuildPhase section */
		92AF4F07280E3D9D0036D6E7 /* Sources */ = {
			isa = PBXSourcesBuildPhase;
			buildActionMask = 2147483647;
			files = (
				92AF4F13280E3D9D0036D6E7 /* ViewController.swift in Sources */,
				92AF4F0F280E3D9D0036D6E7 /* AppDelegate.swift in Sources */,
				92AF4F11280E3D9D0036D6E7 /* SceneDelegate.swift in Sources */,
			);
			runOnlyForDeploymentPostprocessing = 0;
		};
		92AF4F1D280E3DA00036D6E7 /* Sources */ = {
			isa = PBXSourcesBuildPhase;
			buildActionMask = 2147483647;
			files = (
				92AF4F26280E3DA00036D6E7 /* MorseConverterTests.swift in Sources */,
			);
			runOnlyForDeploymentPostprocessing = 0;
		};
		92AF4F27280E3DA00036D6E7 /* Sources */ = {
			isa = PBXSourcesBuildPhase;
			buildActionMask = 2147483647;
			files = (
				92AF4F32280E3DA00036D6E7 /* MorseConverterUITestsLaunchTests.swift in Sources */,
				92AF4F30280E3DA00036D6E7 /* MorseConverterUITests.swift in Sources */,
			);
			runOnlyForDeploymentPostprocessing = 0;
		};
/* End PBXSourcesBuildPhase section */

/* Begin PBXTargetDependency section */
		92AF4F23280E3DA00036D6E7 /* PBXTargetDependency */ = {
			isa = PBXTargetDependency;
			target = 92AF4F0A280E3D9D0036D6E7 /* MorseConverter */;
			targetProxy = 92AF4F22280E3DA00036D6E7 /* PBXContainerItemProxy */;
		};
		92AF4F2D280E3DA00036D6E7 /* PBXTargetDependency */ = {
			isa = PBXTargetDependency;
			target = 92AF4F0A280E3D9D0036D6E7 /* MorseConverter */;
			targetProxy = 92AF4F2C280E3DA00036D6E7 /* PBXContainerItemProxy */;
		};
/* End PBXTargetDependency section */

/* Begin PBXVariantGroup section */
		92AF4F14280E3D9D0036D6E7 /* Main.storyboard */ = {
			isa = PBXVariantGroup;
			children = (
				92AF4F15280E3D9D0036D6E7 /* Base */,
			);
			name = Main.storyboard;
			sourceTree = "<group>";
		};
		92AF4F19280E3DA00036D6E7 /* LaunchScreen.storyboard */ = {
			isa = PBXVariantGroup;
			children = (
				92AF4F1A280E3DA00036D6E7 /* Base */,
			);
			name = LaunchScreen.storyboard;
			sourceTree = "<group>";
		};
/* End PBXVariantGroup section */

/* Begin XCBuildConfiguration section */
		92AF4F33280E3DA00036D6E7 /* Debug */ = {
			isa = XCBuildConfiguration;
			buildSettings = {
				ALWAYS_SEARCH_USER_PATHS = NO;
				CLANG_ANALYZER_NONNULL = YES;
				CLANG_ANALYZER_NUMBER_OBJECT_CONVERSION = YES_AGGRESSIVE;
				CLANG_CXX_LANGUAGE_STANDARD = "gnu++17";
				CLANG_ENABLE_MODULES = YES;
				CLANG_ENABLE_OBJC_ARC = YES;
				CLANG_ENABLE_OBJC_WEAK = YES;
				CLANG_WARN_BLOCK_CAPTURE_AUTORELEASING = YES;
				CLANG_WARN_BOOL_CONVERSION = YES;
				CLANG_WARN_COMMA = YES;
				CLANG_WARN_CONSTANT_CONVERSION = YES;
				CLANG_WARN_DEPRECATED_OBJC_IMPLEMENTATIONS = YES;
				CLANG_WARN_DIRECT_OBJC_ISA_USAGE = YES_ERROR;
				CLANG_WARN_DOCUMENTATION_COMMENTS = YES;
				CLANG_WARN_EMPTY_BODY = YES;
				CLANG_WARN_ENUM_CONVERSION = YES;
				CLANG_WARN_INFINITE_RECURSION = YES;
				CLANG_WARN_INT_CONVERSION = YES;
				CLANG_WARN_NON_LITERAL_NULL_CONVERSION = YES;
				CLANG_WARN_OBJC_IMPLICIT_RETAIN_SELF = YES;
				CLANG_WARN_OBJC_LITERAL_CONVERSION = YES;
				CLANG_WARN_OBJC_ROOT_CLASS = YES_ERROR;
				CLANG_WARN_QUOTED_INCLUDE_IN_FRAMEWORK_HEADER = YES;
				CLANG_WARN_RANGE_LOOP_ANALYSIS = YES;
				CLANG_WARN_STRICT_PROTOTYPES = YES;
				CLANG_WARN_SUSPICIOUS_MOVE = YES;
				CLANG_WARN_UNGUARDED_AVAILABILITY = YES_AGGRESSIVE;
				CLANG_WARN_UNREACHABLE_CODE = YES;
				CLANG_WARN__DUPLICATE_METHOD_MATCH = YES;
				COPY_PHASE_STRIP = NO;
				DEBUG_INFORMATION_FORMAT = dwarf;
				ENABLE_STRICT_OBJC_MSGSEND = YES;
				ENABLE_TESTABILITY = YES;
				GCC_C_LANGUAGE_STANDARD = gnu11;
				GCC_DYNAMIC_NO_PIC = NO;
				GCC_NO_COMMON_BLOCKS = YES;
				GCC_OPTIMIZATION_LEVEL = 0;
				GCC_PREPROCESSOR_DEFINITIONS = (
					"DEBUG=1",
					"$(inherited)",
				);
				GCC_WARN_64_TO_32_BIT_CONVERSION = YES;
				GCC_WARN_ABOUT_RETURN_TYPE = YES_ERROR;
				GCC_WARN_UNDECLARED_SELECTOR = YES;
				GCC_WARN_UNINITIALIZED_AUTOS = YES_AGGRESSIVE;
				GCC_WARN_UNUSED_FUNCTION = YES;
				GCC_WARN_UNUSED_VARIABLE = YES;
				IPHONEOS_DEPLOYMENT_TARGET = 15.4;
				MTL_ENABLE_DEBUG_INFO = INCLUDE_SOURCE;
				MTL_FAST_MATH = YES;
				ONLY_ACTIVE_ARCH = YES;
				SDKROOT = iphoneos;
				SWIFT_ACTIVE_COMPILATION_CONDITIONS = DEBUG;
				SWIFT_OPTIMIZATION_LEVEL = "-Onone";
			};
			name = Debug;
		};
		92AF4F34280E3DA00036D6E7 /* Release */ = {
			isa = XCBuildConfiguration;
			buildSettings = {
				ALWAYS_SEARCH_USER_PATHS = NO;
				CLANG_ANALYZER_NONNULL = YES;
				CLANG_ANALYZER_NUMBER_OBJECT_CONVERSION = YES_AGGRESSIVE;
				CLANG_CXX_LANGUAGE_STANDARD = "gnu++17";
				CLANG_ENABLE_MODULES = YES;
				CLANG_ENABLE_OBJC_ARC = YES;
				CLANG_ENABLE_OBJC_WEAK = YES;
				CLANG_WARN_BLOCK_CAPTURE_AUTORELEASING = YES;
				CLANG_WARN_BOOL_CONVERSION = YES;
				CLANG_WARN_COMMA = YES;
				CLANG_WARN_CONSTANT_CONVERSION = YES;
				CLANG_WARN_DEPRECATED_OBJC_IMPLEMENTATIONS = YES;
				CLANG_WARN_DIRECT_OBJC_ISA_USAGE = YES_ERROR;
				CLANG_WARN_DOCUMENTATION_COMMENTS = YES;
				CLANG_WARN_EMPTY_BODY = YES;
				CLANG_WARN_ENUM_CONVERSION = YES;
				CLANG_WARN_INFINITE_RECURSION = YES;
				CLANG_WARN_INT_CONVERSION = YES;
				CLANG_WARN_NON_LITERAL_NULL_CONVERSION = YES;
				CLANG_WARN_OBJC_IMPLICIT_RETAIN_SELF = YES;
				CLANG_WARN_OBJC_LITERAL_CONVERSION = YES;
				CLANG_WARN_OBJC_ROOT_CLASS = YES_ERROR;
				CLANG_WARN_QUOTED_INCLUDE_IN_FRAMEWORK_HEADER = YES;
				CLANG_WARN_RANGE_LOOP_ANALYSIS = YES;
				CLANG_WARN_STRICT_PROTOTYPES = YES;
				CLANG_WARN_SUSPICIOUS_MOVE = YES;
				CLANG_WARN_UNGUARDED_AVAILABILITY = YES_AGGRESSIVE;
				CLANG_WARN_UNREACHABLE_CODE = YES;
				CLANG_WARN__DUPLICATE_METHOD_MATCH = YES;
				COPY_PHASE_STRIP = NO;
				DEBUG_INFORMATION_FORMAT = "dwarf-with-dsym";
				ENABLE_NS_ASSERTIONS = NO;
				ENABLE_STRICT_OBJC_MSGSEND = YES;
				GCC_C_LANGUAGE_STANDARD = gnu11;
				GCC_NO_COMMON_BLOCKS = YES;
				GCC_WARN_64_TO_32_BIT_CONVERSION = YES;
				GCC_WARN_ABOUT_RETURN_TYPE = YES_ERROR;
				GCC_WARN_UNDECLARED_SELECTOR = YES;
				GCC_WARN_UNINITIALIZED_AUTOS = YES_AGGRESSIVE;
				GCC_WARN_UNUSED_FUNCTION = YES;
				GCC_WARN_UNUSED_VARIABLE = YES;
				IPHONEOS_DEPLOYMENT_TARGET = 15.4;
				MTL_ENABLE_DEBUG_INFO = NO;
				MTL_FAST_MATH = YES;
				SDKROOT = iphoneos;
				SWIFT_COMPILATION_MODE = wholemodule;
				SWIFT_OPTIMIZATION_LEVEL = "-O";
				VALIDATE_PRODUCT = YES;
			};
			name = Release;
		};
		92AF4F36280E3DA00036D6E7 /* Debug */ = {
			isa = XCBuildConfiguration;
			buildSettings = {
				ASSETCATALOG_COMPILER_APPICON_NAME = AppIcon;
				ASSETCATALOG_COMPILER_GLOBAL_ACCENT_COLOR_NAME = AccentColor;
				CODE_SIGN_STYLE = Automatic;
				CURRENT_PROJECT_VERSION = 1;
				GENERATE_INFOPLIST_FILE = YES;
				INFOPLIST_FILE = MorseConverter/Info.plist;
				INFOPLIST_KEY_UIApplicationSupportsIndirectInputEvents = YES;
				INFOPLIST_KEY_UILaunchStoryboardName = LaunchScreen;
				INFOPLIST_KEY_UIMainStoryboardFile = Main;
				INFOPLIST_KEY_UISupportedInterfaceOrientations_iPad = "UIInterfaceOrientationPortrait UIInterfaceOrientationPortraitUpsideDown UIInterfaceOrientationLandscapeLeft UIInterfaceOrientationLandscapeRight";
				INFOPLIST_KEY_UISupportedInterfaceOrientations_iPhone = "UIInterfaceOrientationPortrait UIInterfaceOrientationLandscapeLeft UIInterfaceOrientationLandscapeRight";
				LD_RUNPATH_SEARCH_PATHS = (
					"$(inherited)",
					"@executable_path/Frameworks",
				);
				MARKETING_VERSION = 1.0;
				PRODUCT_BUNDLE_IDENTIFIER = com.Aryan.MorseConverter;
				PRODUCT_NAME = "$(TARGET_NAME)";
				SWIFT_EMIT_LOC_STRINGS = YES;
				SWIFT_VERSION = 5.0;
				TARGETED_DEVICE_FAMILY = "1,2";
			};
			name = Debug;
		};
		92AF4F37280E3DA00036D6E7 /* Release */ = {
			isa = XCBuildConfiguration;
			buildSettings = {
				ASSETCATALOG_COMPILER_APPICON_NAME = AppIcon;
				ASSETCATALOG_COMPILER_GLOBAL_ACCENT_COLOR_NAME = AccentColor;
				CODE_SIGN_STYLE = Automatic;
				CURRENT_PROJECT_VERSION = 1;
				GENERATE_INFOPLIST_FILE = YES;
				INFOPLIST_FILE = MorseConverter/Info.plist;
				INFOPLIST_KEY_UIApplicationSupportsIndirectInputEvents = YES;
				INFOPLIST_KEY_UILaunchStoryboardName = LaunchScreen;
				INFOPLIST_KEY_UIMainStoryboardFile = Main;
				INFOPLIST_KEY_UISupportedInterfaceOrientations_iPad = "UIInterfaceOrientationPortrait UIInterfaceOrientationPortraitUpsideDown UIInterfaceOrientationLandscapeLeft UIInterfaceOrientationLandscapeRight";
				INFOPLIST_KEY_UISupportedInterfaceOrientations_iPhone = "UIInterfaceOrientationPortrait UIInterfaceOrientationLandscapeLeft UIInterfaceOrientationLandscapeRight";
				LD_RUNPATH_SEARCH_PATHS = (
					"$(inherited)",
					"@executable_path/Frameworks",
				);
				MARKETING_VERSION = 1.0;
				PRODUCT_BUNDLE_IDENTIFIER = com.Aryan.MorseConverter;
				PRODUCT_NAME = "$(TARGET_NAME)";
				SWIFT_EMIT_LOC_STRINGS = YES;
				SWIFT_VERSION = 5.0;
				TARGETED_DEVICE_FAMILY = "1,2";
			};
			name = Release;
		};
		92AF4F39280E3DA00036D6E7 /* Debug */ = {
			isa = XCBuildConfiguration;
			buildSettings = {
				ALWAYS_EMBED_SWIFT_STANDARD_LIBRARIES = YES;
				BUNDLE_LOADER = "$(TEST_HOST)";
				CODE_SIGN_STYLE = Automatic;
				CURRENT_PROJECT_VERSION = 1;
				GENERATE_INFOPLIST_FILE = YES;
				IPHONEOS_DEPLOYMENT_TARGET = 15.4;
				MARKETING_VERSION = 1.0;
				PRODUCT_BUNDLE_IDENTIFIER = com.Aryan.MorseConverterTests;
				PRODUCT_NAME = "$(TARGET_NAME)";
				SWIFT_EMIT_LOC_STRINGS = NO;
				SWIFT_VERSION = 5.0;
				TARGETED_DEVICE_FAMILY = "1,2";
				TEST_HOST = "$(BUILT_PRODUCTS_DIR)/MorseConverter.app/MorseConverter";
			};
			name = Debug;
		};
		92AF4F3A280E3DA00036D6E7 /* Release */ = {
			isa = XCBuildConfiguration;
			buildSettings = {
				ALWAYS_EMBED_SWIFT_STANDARD_LIBRARIES = YES;
				BUNDLE_LOADER = "$(TEST_HOST)";
				CODE_SIGN_STYLE = Automatic;
				CURRENT_PROJECT_VERSION = 1;
				GENERATE_INFOPLIST_FILE = YES;
				IPHONEOS_DEPLOYMENT_TARGET = 15.4;
				MARKETING_VERSION = 1.0;
				PRODUCT_BUNDLE_IDENTIFIER = com.Aryan.MorseConverterTests;
				PRODUCT_NAME = "$(TARGET_NAME)";
				SWIFT_EMIT_LOC_STRINGS = NO;
				SWIFT_VERSION = 5.0;
				TARGETED_DEVICE_FAMILY = "1,2";
				TEST_HOST = "$(BUILT_PRODUCTS_DIR)/MorseConverter.app/MorseConverter";
			};
			name = Release;
		};
		92AF4F3C280E3DA00036D6E7 /* Debug */ = {
			isa = XCBuildConfiguration;
			buildSettings = {
				ALWAYS_EMBED_SWIFT_STANDARD_LIBRARIES = YES;
				CODE_SIGN_STYLE = Automatic;
				CURRENT_PROJECT_VERSION = 1;
				GENERATE_INFOPLIST_FILE = YES;
				MARKETING_VERSION = 1.0;
				PRODUCT_BUNDLE_IDENTIFIER = com.Aryan.MorseConverterUITests;
				PRODUCT_NAME = "$(TARGET_NAME)";
				SWIFT_EMIT_LOC_STRINGS = NO;
				SWIFT_VERSION = 5.0;
				TARGETED_DEVICE_FAMILY = "1,2";
				TEST_TARGET_NAME = MorseConverter;
			};
			name = Debug;
		};
		92AF4F3D280E3DA00036D6E7 /* Release */ = {
			isa = XCBuildConfiguration;
			buildSettings = {
				ALWAYS_EMBED_SWIFT_STANDARD_LIBRARIES = YES;
				CODE_SIGN_STYLE = Automatic;
				CURRENT_PROJECT_VERSION = 1;
				GENERATE_INFOPLIST_FILE = YES;
				MARKETING_VERSION = 1.0;
				PRODUCT_BUNDLE_IDENTIFIER = com.Aryan.MorseConverterUITests;
				PRODUCT_NAME = "$(TARGET_NAME)";
				SWIFT_EMIT_LOC_STRINGS = NO;
				SWIFT_VERSION = 5.0;
				TARGETED_DEVICE_FAMILY = "1,2";
				TEST_TARGET_NAME = MorseConverter;
			};
			name = Release;
		};
/* End XCBuildConfiguration section */

/* Begin XCConfigurationList section */
		92AF4F06280E3D9D0036D6E7 /* Build configuration list for PBXProject "MorseConverter" */ = {
			isa = XCConfigurationList;
			buildConfigurations = (
				92AF4F33280E3DA00036D6E7 /* Debug */,
				92AF4F34280E3DA00036D6E7 /* Release */,
			);
			defaultConfigurationIsVisible = 0;
			defaultConfigurationName = Release;
		};
		92AF4F35280E3DA00036D6E7 /* Build configuration list for PBXNativeTarget "MorseConverter" */ = {
			isa = XCConfigurationList;
			buildConfigurations = (
				92AF4F36280E3DA00036D6E7 /* Debug */,
				92AF4F37280E3DA00036D6E7 /* Release */,
			);
			defaultConfigurationIsVisible = 0;
			defaultConfigurationName = Release;
		};
		92AF4F38280E3DA00036D6E7 /* Build configuration list for PBXNativeTarget "MorseConverterTests" */ = {
			isa = XCConfigurationList;
			buildConfigurations = (
				92AF4F39280E3DA00036D6E7 /* Debug */,
				92AF4F3A280E3DA00036D6E7 /* Release */,
			);
			defaultConfigurationIsVisible = 0;
			defaultConfigurationName = Release;
		};
		92AF4F3B280E3DA00036D6E7 /* Build configuration list for PBXNativeTarget "MorseConverterUITests" */ = {
			isa = XCConfigurationList;
			buildConfigurations = (
				92AF4F3C280E3DA00036D6E7 /* Debug */,
				92AF4F3D280E3DA00036D6E7 /* Release */,
			);
			defaultConfigurationIsVisible = 0;
			defaultConfigurationName = Release;
		};
/* End XCConfigurationList section */
	};
	rootObject = 92AF4F03280E3D9D0036D6E7 /* Project object */;
}
