// !$*UTF8*$!
{
	archiveVersion = 1;
	classes = {
	};
	objectVersion = 55;
	objects = {

/* Begin PBXBuildFile section */
		9264A1CB279C88EE0092D9CB /* AppDelegate.swift in Sources */ = {isa = PBXBuildFile; fileRef = 9264A1CA279C88EE0092D9CB /* AppDelegate.swift */; };
		9264A1CD279C88EE0092D9CB /* SceneDelegate.swift in Sources */ = {isa = PBXBuildFile; fileRef = 9264A1CC279C88EE0092D9CB /* SceneDelegate.swift */; };
		9264A1CF279C88EE0092D9CB /* ViewController.swift in Sources */ = {isa = PBXBuildFile; fileRef = 9264A1CE279C88EE0092D9CB /* ViewController.swift */; };
		9264A1D2279C88EE0092D9CB /* Main.storyboard in Resources */ = {isa = PBXBuildFile; fileRef = 9264A1D0279C88EE0092D9CB /* Main.storyboard */; };
		9264A1D4279C88F00092D9CB /* Assets.xcassets in Resources */ = {isa = PBXBuildFile; fileRef = 9264A1D3279C88F00092D9CB /* Assets.xcassets */; };
		9264A1D7279C88F00092D9CB /* LaunchScreen.storyboard in Resources */ = {isa = PBXBuildFile; fileRef = 9264A1D5279C88F00092D9CB /* LaunchScreen.storyboard */; };
		9264A1E2279C88F00092D9CB /* AddOneTests.swift in Sources */ = {isa = PBXBuildFile; fileRef = 9264A1E1279C88F00092D9CB /* AddOneTests.swift */; };
		9264A1EC279C88F10092D9CB /* AddOneUITests.swift in Sources */ = {isa = PBXBuildFile; fileRef = 9264A1EB279C88F10092D9CB /* AddOneUITests.swift */; };
		9264A1EE279C88F10092D9CB /* AddOneUITestsLaunchTests.swift in Sources */ = {isa = PBXBuildFile; fileRef = 9264A1ED279C88F10092D9CB /* AddOneUITestsLaunchTests.swift */; };
		9264A1FB279CCFA40092D9CB /* number.png in Resources */ = {isa = PBXBuildFile; fileRef = 9264A1FA279CCFA40092D9CB /* number.png */; };
		92763974279E407C00311B1A /* HVD_Comic_Serif_Pro.otf in Resources */ = {isa = PBXBuildFile; fileRef = 92763973279E407C00311B1A /* HVD_Comic_Serif_Pro.otf */; };
/* End PBXBuildFile section */

/* Begin PBXContainerItemProxy section */
		9264A1DE279C88F00092D9CB /* PBXContainerItemProxy */ = {
			isa = PBXContainerItemProxy;
			containerPortal = 9264A1BF279C88EE0092D9CB /* Project object */;
			proxyType = 1;
			remoteGlobalIDString = 9264A1C6279C88EE0092D9CB;
			remoteInfo = AddOne;
		};
		9264A1E8279C88F10092D9CB /* PBXContainerItemProxy */ = {
			isa = PBXContainerItemProxy;
			containerPortal = 9264A1BF279C88EE0092D9CB /* Project object */;
			proxyType = 1;
			remoteGlobalIDString = 9264A1C6279C88EE0092D9CB;
			remoteInfo = AddOne;
		};
/* End PBXContainerItemProxy section */

/* Begin PBXFileReference section */
		9264A1C7279C88EE0092D9CB /* AddOne.app */ = {isa = PBXFileReference; explicitFileType = wrapper.application; includeInIndex = 0; path = AddOne.app; sourceTree = BUILT_PRODUCTS_DIR; };
		9264A1CA279C88EE0092D9CB /* AppDelegate.swift */ = {isa = PBXFileReference; lastKnownFileType = sourcecode.swift; path = AppDelegate.swift; sourceTree = "<group>"; };
		9264A1CC279C88EE0092D9CB /* SceneDelegate.swift */ = {isa = PBXFileReference; lastKnownFileType = sourcecode.swift; path = SceneDelegate.swift; sourceTree = "<group>"; };
		9264A1CE279C88EE0092D9CB /* ViewController.swift */ = {isa = PBXFileReference; lastKnownFileType = sourcecode.swift; path = ViewController.swift; sourceTree = "<group>"; };
		9264A1D1279C88EE0092D9CB /* Base */ = {isa = PBXFileReference; lastKnownFileType = file.storyboard; name = Base; path = Base.lproj/Main.storyboard; sourceTree = "<group>"; };
		9264A1D3279C88F00092D9CB /* Assets.xcassets */ = {isa = PBXFileReference; lastKnownFileType = folder.assetcatalog; path = Assets.xcassets; sourceTree = "<group>"; };
		9264A1D6279C88F00092D9CB /* Base */ = {isa = PBXFileReference; lastKnownFileType = file.storyboard; name = Base; path = Base.lproj/LaunchScreen.storyboard; sourceTree = "<group>"; };
		9264A1D8279C88F00092D9CB /* Info.plist */ = {isa = PBXFileReference; lastKnownFileType = text.plist.xml; path = Info.plist; sourceTree = "<group>"; };
		9264A1DD279C88F00092D9CB /* AddOneTests.xctest */ = {isa = PBXFileReference; explicitFileType = wrapper.cfbundle; includeInIndex = 0; path = AddOneTests.xctest; sourceTree = BUILT_PRODUCTS_DIR; };
		9264A1E1279C88F00092D9CB /* AddOneTests.swift */ = {isa = PBXFileReference; lastKnownFileType = sourcecode.swift; path = AddOneTests.swift; sourceTree = "<group>"; };
		9264A1E7279C88F10092D9CB /* AddOneUITests.xctest */ = {isa = PBXFileReference; explicitFileType = wrapper.cfbundle; includeInIndex = 0; path = AddOneUITests.xctest; sourceTree = BUILT_PRODUCTS_DIR; };
		9264A1EB279C88F10092D9CB /* AddOneUITests.swift */ = {isa = PBXFileReference; lastKnownFileType = sourcecode.swift; path = AddOneUITests.swift; sourceTree = "<group>"; };
		9264A1ED279C88F10092D9CB /* AddOneUITestsLaunchTests.swift */ = {isa = PBXFileReference; lastKnownFileType = sourcecode.swift; path = AddOneUITestsLaunchTests.swift; sourceTree = "<group>"; };
		9264A1FA279CCFA40092D9CB /* number.png */ = {isa = PBXFileReference; lastKnownFileType = image.png; name = number.png; path = "../../../Downloads/AddOne assets/Images/number.png"; sourceTree = "<group>"; };
		92763973279E407C00311B1A /* HVD_Comic_Serif_Pro.otf */ = {isa = PBXFileReference; lastKnownFileType = file; name = HVD_Comic_Serif_Pro.otf; path = "../../../Downloads/AddOne assets/HVD-Comic-Serif-Pro/HVD_Comic_Serif_Pro.otf"; sourceTree = "<group>"; };
/* End PBXFileReference section */

/* Begin PBXFrameworksBuildPhase section */
		9264A1C4279C88EE0092D9CB /* Frameworks */ = {
			isa = PBXFrameworksBuildPhase;
			buildActionMask = 2147483647;
			files = (
			);
			runOnlyForDeploymentPostprocessing = 0;
		};
		9264A1DA279C88F00092D9CB /* Frameworks */ = {
			isa = PBXFrameworksBuildPhase;
			buildActionMask = 2147483647;
			files = (
			);
			runOnlyForDeploymentPostprocessing = 0;
		};
		9264A1E4279C88F10092D9CB /* Frameworks */ = {
			isa = PBXFrameworksBuildPhase;
			buildActionMask = 2147483647;
			files = (
			);
			runOnlyForDeploymentPostprocessing = 0;
		};
/* End PBXFrameworksBuildPhase section */

/* Begin PBXGroup section */
		9264A1BE279C88EE0092D9CB = {
			isa = PBXGroup;
			children = (
				9264A1C9279C88EE0092D9CB /* AddOne */,
				9264A1E0279C88F00092D9CB /* AddOneTests */,
				9264A1EA279C88F10092D9CB /* AddOneUITests */,
				9264A1C8279C88EE0092D9CB /* Products */,
			);
			sourceTree = "<group>";
		};
		9264A1C8279C88EE0092D9CB /* Products */ = {
			isa = PBXGroup;
			children = (
				9264A1C7279C88EE0092D9CB /* AddOne.app */,
				9264A1DD279C88F00092D9CB /* AddOneTests.xctest */,
				9264A1E7279C88F10092D9CB /* AddOneUITests.xctest */,
			);
			name = Products;
			sourceTree = "<group>";
		};
		9264A1C9279C88EE0092D9CB /* AddOne */ = {
			isa = PBXGroup;
			children = (
				9264A1CA279C88EE0092D9CB /* AppDelegate.swift */,
				9264A1CC279C88EE0092D9CB /* SceneDelegate.swift */,
				9264A1CE279C88EE0092D9CB /* ViewController.swift */,
				9264A1D0279C88EE0092D9CB /* Main.storyboard */,
				9264A1D3279C88F00092D9CB /* Assets.xcassets */,
				9264A1D5279C88F00092D9CB /* LaunchScreen.storyboard */,
				9264A1D8279C88F00092D9CB /* Info.plist */,
			);
			path = AddOne;
			sourceTree = "<group>";
		};
		9264A1E0279C88F00092D9CB /* AddOneTests */ = {
			isa = PBXGroup;
			children = (
				9264A1E1279C88F00092D9CB /* AddOneTests.swift */,
			);
			path = AddOneTests;
			sourceTree = "<group>";
		};
		9264A1EA279C88F10092D9CB /* AddOneUITests */ = {
			isa = PBXGroup;
			children = (
				9264A1EB279C88F10092D9CB /* AddOneUITests.swift */,
				9264A1ED279C88F10092D9CB /* AddOneUITestsLaunchTests.swift */,
				9264A1FA279CCFA40092D9CB /* number.png */,
				92763973279E407C00311B1A /* HVD_Comic_Serif_Pro.otf */,
			);
			path = AddOneUITests;
			sourceTree = "<group>";
		};
/* End PBXGroup section */

/* Begin PBXNativeTarget section */
		9264A1C6279C88EE0092D9CB /* AddOne */ = {
			isa = PBXNativeTarget;
			buildConfigurationList = 9264A1F1279C88F10092D9CB /* Build configuration list for PBXNativeTarget "AddOne" */;
			buildPhases = (
				9264A1C3279C88EE0092D9CB /* Sources */,
				9264A1C4279C88EE0092D9CB /* Frameworks */,
				9264A1C5279C88EE0092D9CB /* Resources */,
			);
			buildRules = (
			);
			dependencies = (
			);
			name = AddOne;
			productName = AddOne;
			productReference = 9264A1C7279C88EE0092D9CB /* AddOne.app */;
			productType = "com.apple.product-type.application";
		};
		9264A1DC279C88F00092D9CB /* AddOneTests */ = {
			isa = PBXNativeTarget;
			buildConfigurationList = 9264A1F4279C88F10092D9CB /* Build configuration list for PBXNativeTarget "AddOneTests" */;
			buildPhases = (
				9264A1D9279C88F00092D9CB /* Sources */,
				9264A1DA279C88F00092D9CB /* Frameworks */,
				9264A1DB279C88F00092D9CB /* Resources */,
			);
			buildRules = (
			);
			dependencies = (
				9264A1DF279C88F00092D9CB /* PBXTargetDependency */,
			);
			name = AddOneTests;
			productName = AddOneTests;
			productReference = 9264A1DD279C88F00092D9CB /* AddOneTests.xctest */;
			productType = "com.apple.product-type.bundle.unit-test";
		};
		9264A1E6279C88F10092D9CB /* AddOneUITests */ = {
			isa = PBXNativeTarget;
			buildConfigurationList = 9264A1F7279C88F10092D9CB /* Build configuration list for PBXNativeTarget "AddOneUITests" */;
			buildPhases = (
				9264A1E3279C88F10092D9CB /* Sources */,
				9264A1E4279C88F10092D9CB /* Frameworks */,
				9264A1E5279C88F10092D9CB /* Resources */,
			);
			buildRules = (
			);
			dependencies = (
				9264A1E9279C88F10092D9CB /* PBXTargetDependency */,
			);
			name = AddOneUITests;
			productName = AddOneUITests;
			productReference = 9264A1E7279C88F10092D9CB /* AddOneUITests.xctest */;
			productType = "com.apple.product-type.bundle.ui-testing";
		};
/* End PBXNativeTarget section */

/* Begin PBXProject section */
		9264A1BF279C88EE0092D9CB /* Project object */ = {
			isa = PBXProject;
			attributes = {
				BuildIndependentTargetsInParallel = 1;
				LastSwiftUpdateCheck = 1320;
				LastUpgradeCheck = 1320;
				TargetAttributes = {
					9264A1C6279C88EE0092D9CB = {
						CreatedOnToolsVersion = 13.2.1;
					};
					9264A1DC279C88F00092D9CB = {
						CreatedOnToolsVersion = 13.2.1;
						TestTargetID = 9264A1C6279C88EE0092D9CB;
					};
					9264A1E6279C88F10092D9CB = {
						CreatedOnToolsVersion = 13.2.1;
						TestTargetID = 9264A1C6279C88EE0092D9CB;
					};
				};
			};
			buildConfigurationList = 9264A1C2279C88EE0092D9CB /* Build configuration list for PBXProject "AddOne" */;
			compatibilityVersion = "Xcode 13.0";
			developmentRegion = en;
			hasScannedForEncodings = 0;
			knownRegions = (
				en,
				Base,
			);
			mainGroup = 9264A1BE279C88EE0092D9CB;
			productRefGroup = 9264A1C8279C88EE0092D9CB /* Products */;
			projectDirPath = "";
			projectRoot = "";
			targets = (
				9264A1C6279C88EE0092D9CB /* AddOne */,
				9264A1DC279C88F00092D9CB /* AddOneTests */,
				9264A1E6279C88F10092D9CB /* AddOneUITests */,
			);
		};
/* End PBXProject section */

/* Begin PBXResourcesBuildPhase section */
		9264A1C5279C88EE0092D9CB /* Resources */ = {
			isa = PBXResourcesBuildPhase;
			buildActionMask = 2147483647;
			files = (
				9264A1D7279C88F00092D9CB /* LaunchScreen.storyboard in Resources */,
				9264A1D4279C88F00092D9CB /* Assets.xcassets in Resources */,
				92763974279E407C00311B1A /* HVD_Comic_Serif_Pro.otf in Resources */,
				9264A1D2279C88EE0092D9CB /* Main.storyboard in Resources */,
			);
			runOnlyForDeploymentPostprocessing = 0;
		};
		9264A1DB279C88F00092D9CB /* Resources */ = {
			isa = PBXResourcesBuildPhase;
			buildActionMask = 2147483647;
			files = (
			);
			runOnlyForDeploymentPostprocessing = 0;
		};
		9264A1E5279C88F10092D9CB /* Resources */ = {
			isa = PBXResourcesBuildPhase;
			buildActionMask = 2147483647;
			files = (
				9264A1FB279CCFA40092D9CB /* number.png in Resources */,
			);
			runOnlyForDeploymentPostprocessing = 0;
		};
/* End PBXResourcesBuildPhase section */

/* Begin PBXSourcesBuildPhase section */
		9264A1C3279C88EE0092D9CB /* Sources */ = {
			isa = PBXSourcesBuildPhase;
			buildActionMask = 2147483647;
			files = (
				9264A1CF279C88EE0092D9CB /* ViewController.swift in Sources */,
				9264A1CB279C88EE0092D9CB /* AppDelegate.swift in Sources */,
				9264A1CD279C88EE0092D9CB /* SceneDelegate.swift in Sources */,
			);
			runOnlyForDeploymentPostprocessing = 0;
		};
		9264A1D9279C88F00092D9CB /* Sources */ = {
			isa = PBXSourcesBuildPhase;
			buildActionMask = 2147483647;
			files = (
				9264A1E2279C88F00092D9CB /* AddOneTests.swift in Sources */,
			);
			runOnlyForDeploymentPostprocessing = 0;
		};
		9264A1E3279C88F10092D9CB /* Sources */ = {
			isa = PBXSourcesBuildPhase;
			buildActionMask = 2147483647;
			files = (
				9264A1EC279C88F10092D9CB /* AddOneUITests.swift in Sources */,
				9264A1EE279C88F10092D9CB /* AddOneUITestsLaunchTests.swift in Sources */,
			);
			runOnlyForDeploymentPostprocessing = 0;
		};
/* End PBXSourcesBuildPhase section */

/* Begin PBXTargetDependency section */
		9264A1DF279C88F00092D9CB /* PBXTargetDependency */ = {
			isa = PBXTargetDependency;
			target = 9264A1C6279C88EE0092D9CB /* AddOne */;
			targetProxy = 9264A1DE279C88F00092D9CB /* PBXContainerItemProxy */;
		};
		9264A1E9279C88F10092D9CB /* PBXTargetDependency */ = {
			isa = PBXTargetDependency;
			target = 9264A1C6279C88EE0092D9CB /* AddOne */;
			targetProxy = 9264A1E8279C88F10092D9CB /* PBXContainerItemProxy */;
		};
/* End PBXTargetDependency section */

/* Begin PBXVariantGroup section */
		9264A1D0279C88EE0092D9CB /* Main.storyboard */ = {
			isa = PBXVariantGroup;
			children = (
				9264A1D1279C88EE0092D9CB /* Base */,
			);
			name = Main.storyboard;
			sourceTree = "<group>";
		};
		9264A1D5279C88F00092D9CB /* LaunchScreen.storyboard */ = {
			isa = PBXVariantGroup;
			children = (
				9264A1D6279C88F00092D9CB /* Base */,
			);
			name = LaunchScreen.storyboard;
			sourceTree = "<group>";
		};
/* End PBXVariantGroup section */

/* Begin XCBuildConfiguration section */
		9264A1EF279C88F10092D9CB /* Debug */ = {
			isa = XCBuildConfiguration;
			buildSettings = {
				ALWAYS_SEARCH_USER_PATHS = NO;
				CLANG_ANALYZER_NONNULL = YES;
				CLANG_ANALYZER_NUMBER_OBJECT_CONVERSION = YES_AGGRESSIVE;
				CLANG_CXX_LANGUAGE_STANDARD = "gnu++17";
				CLANG_CXX_LIBRARY = "libc++";
				CLANG_ENABLE_MODULES = YES;
				CLANG_ENABLE_OBJC_ARC = YES;
				CLANG_ENABLE_OBJC_WEAK = YES;
				CLANG_WARN_BLOCK_CAPTURE_AUTORELEASING = YES;
				CLANG_WARN_BOOL_CONVERSION = YES;
				CLANG_WARN_COMMA = YES;
				CLANG_WARN_CONSTANT_CONVERSION = YES;
				CLANG_WARN_DEPRECATED_OBJC_IMPLEMENTATIONS = YES;
				CLANG_WARN_DIRECT_OBJC_ISA_USAGE = YES_ERROR;
				CLANG_WARN_DOCUMENTATION_COMMENTS = YES;
				CLANG_WARN_EMPTY_BODY = YES;
				CLANG_WARN_ENUM_CONVERSION = YES;
				CLANG_WARN_INFINITE_RECURSION = YES;
				CLANG_WARN_INT_CONVERSION = YES;
				CLANG_WARN_NON_LITERAL_NULL_CONVERSION = YES;
				CLANG_WARN_OBJC_IMPLICIT_RETAIN_SELF = YES;
				CLANG_WARN_OBJC_LITERAL_CONVERSION = YES;
				CLANG_WARN_OBJC_ROOT_CLASS = YES_ERROR;
				CLANG_WARN_QUOTED_INCLUDE_IN_FRAMEWORK_HEADER = YES;
				CLANG_WARN_RANGE_LOOP_ANALYSIS = YES;
				CLANG_WARN_STRICT_PROTOTYPES = YES;
				CLANG_WARN_SUSPICIOUS_MOVE = YES;
				CLANG_WARN_UNGUARDED_AVAILABILITY = YES_AGGRESSIVE;
				CLANG_WARN_UNREACHABLE_CODE = YES;
				CLANG_WARN__DUPLICATE_METHOD_MATCH = YES;
				COPY_PHASE_STRIP = NO;
				DEBUG_INFORMATION_FORMAT = dwarf;
				ENABLE_STRICT_OBJC_MSGSEND = YES;
				ENABLE_TESTABILITY = YES;
				GCC_C_LANGUAGE_STANDARD = gnu11;
				GCC_DYNAMIC_NO_PIC = NO;
				GCC_NO_COMMON_BLOCKS = YES;
				GCC_OPTIMIZATION_LEVEL = 0;
				GCC_PREPROCESSOR_DEFINITIONS = (
					"DEBUG=1",
					"$(inherited)",
				);
				GCC_WARN_64_TO_32_BIT_CONVERSION = YES;
				GCC_WARN_ABOUT_RETURN_TYPE = YES_ERROR;
				GCC_WARN_UNDECLARED_SELECTOR = YES;
				GCC_WARN_UNINITIALIZED_AUTOS = YES_AGGRESSIVE;
				GCC_WARN_UNUSED_FUNCTION = YES;
				GCC_WARN_UNUSED_VARIABLE = YES;
				IPHONEOS_DEPLOYMENT_TARGET = 15.2;
				MTL_ENABLE_DEBUG_INFO = INCLUDE_SOURCE;
				MTL_FAST_MATH = YES;
				ONLY_ACTIVE_ARCH = YES;
				SDKROOT = iphoneos;
				SWIFT_ACTIVE_COMPILATION_CONDITIONS = DEBUG;
				SWIFT_OPTIMIZATION_LEVEL = "-Onone";
			};
			name = Debug;
		};
		9264A1F0279C88F10092D9CB /* Release */ = {
			isa = XCBuildConfiguration;
			buildSettings = {
				ALWAYS_SEARCH_USER_PATHS = NO;
				CLANG_ANALYZER_NONNULL = YES;
				CLANG_ANALYZER_NUMBER_OBJECT_CONVERSION = YES_AGGRESSIVE;
				CLANG_CXX_LANGUAGE_STANDARD = "gnu++17";
				CLANG_CXX_LIBRARY = "libc++";
				CLANG_ENABLE_MODULES = YES;
				CLANG_ENABLE_OBJC_ARC = YES;
				CLANG_ENABLE_OBJC_WEAK = YES;
				CLANG_WARN_BLOCK_CAPTURE_AUTORELEASING = YES;
				CLANG_WARN_BOOL_CONVERSION = YES;
				CLANG_WARN_COMMA = YES;
				CLANG_WARN_CONSTANT_CONVERSION = YES;
				CLANG_WARN_DEPRECATED_OBJC_IMPLEMENTATIONS = YES;
				CLANG_WARN_DIRECT_OBJC_ISA_USAGE = YES_ERROR;
				CLANG_WARN_DOCUMENTATION_COMMENTS = YES;
				CLANG_WARN_EMPTY_BODY = YES;
				CLANG_WARN_ENUM_CONVERSION = YES;
				CLANG_WARN_INFINITE_RECURSION = YES;
				CLANG_WARN_INT_CONVERSION = YES;
				CLANG_WARN_NON_LITERAL_NULL_CONVERSION = YES;
				CLANG_WARN_OBJC_IMPLICIT_RETAIN_SELF = YES;
				CLANG_WARN_OBJC_LITERAL_CONVERSION = YES;
				CLANG_WARN_OBJC_ROOT_CLASS = YES_ERROR;
				CLANG_WARN_QUOTED_INCLUDE_IN_FRAMEWORK_HEADER = YES;
				CLANG_WARN_RANGE_LOOP_ANALYSIS = YES;
				CLANG_WARN_STRICT_PROTOTYPES = YES;
				CLANG_WARN_SUSPICIOUS_MOVE = YES;
				CLANG_WARN_UNGUARDED_AVAILABILITY = YES_AGGRESSIVE;
				CLANG_WARN_UNREACHABLE_CODE = YES;
				CLANG_WARN__DUPLICATE_METHOD_MATCH = YES;
				COPY_PHASE_STRIP = NO;
				DEBUG_INFORMATION_FORMAT = "dwarf-with-dsym";
				ENABLE_NS_ASSERTIONS = NO;
				ENABLE_STRICT_OBJC_MSGSEND = YES;
				GCC_C_LANGUAGE_STANDARD = gnu11;
				GCC_NO_COMMON_BLOCKS = YES;
				GCC_WARN_64_TO_32_BIT_CONVERSION = YES;
				GCC_WARN_ABOUT_RETURN_TYPE = YES_ERROR;
				GCC_WARN_UNDECLARED_SELECTOR = YES;
				GCC_WARN_UNINITIALIZED_AUTOS = YES_AGGRESSIVE;
				GCC_WARN_UNUSED_FUNCTION = YES;
				GCC_WARN_UNUSED_VARIABLE = YES;
				IPHONEOS_DEPLOYMENT_TARGET = 15.2;
				MTL_ENABLE_DEBUG_INFO = NO;
				MTL_FAST_MATH = YES;
				SDKROOT = iphoneos;
				SWIFT_COMPILATION_MODE = wholemodule;
				SWIFT_OPTIMIZATION_LEVEL = "-O";
				VALIDATE_PRODUCT = YES;
			};
			name = Release;
		};
		9264A1F2279C88F10092D9CB /* Debug */ = {
			isa = XCBuildConfiguration;
			buildSettings = {
				ASSETCATALOG_COMPILER_APPICON_NAME = AppIcon;
				ASSETCATALOG_COMPILER_GLOBAL_ACCENT_COLOR_NAME = AccentColor;
				CODE_SIGN_STYLE = Automatic;
				CURRENT_PROJECT_VERSION = 1;
				GENERATE_INFOPLIST_FILE = YES;
				INFOPLIST_FILE = AddOne/Info.plist;
				INFOPLIST_KEY_UIApplicationSupportsIndirectInputEvents = YES;
				INFOPLIST_KEY_UILaunchStoryboardName = LaunchScreen;
				INFOPLIST_KEY_UIMainStoryboardFile = Main;
				INFOPLIST_KEY_UISupportedInterfaceOrientations_iPad = "UIInterfaceOrientationPortrait UIInterfaceOrientationPortraitUpsideDown UIInterfaceOrientationLandscapeLeft UIInterfaceOrientationLandscapeRight";
				INFOPLIST_KEY_UISupportedInterfaceOrientations_iPhone = "UIInterfaceOrientationPortrait UIInterfaceOrientationLandscapeLeft UIInterfaceOrientationLandscapeRight";
				LD_RUNPATH_SEARCH_PATHS = (
					"$(inherited)",
					"@executable_path/Frameworks",
				);
				MARKETING_VERSION = 1.0;
				PRODUCT_BUNDLE_IDENTIFIER = com.Aryan.AddOne;
				PRODUCT_NAME = "$(TARGET_NAME)";
				SWIFT_EMIT_LOC_STRINGS = YES;
				SWIFT_VERSION = 5.0;
				TARGETED_DEVICE_FAMILY = "1,2";
			};
			name = Debug;
		};
		9264A1F3279C88F10092D9CB /* Release */ = {
			isa = XCBuildConfiguration;
			buildSettings = {
				ASSETCATALOG_COMPILER_APPICON_NAME = AppIcon;
				ASSETCATALOG_COMPILER_GLOBAL_ACCENT_COLOR_NAME = AccentColor;
				CODE_SIGN_STYLE = Automatic;
				CURRENT_PROJECT_VERSION = 1;
				GENERATE_INFOPLIST_FILE = YES;
				INFOPLIST_FILE = AddOne/Info.plist;
				INFOPLIST_KEY_UIApplicationSupportsIndirectInputEvents = YES;
				INFOPLIST_KEY_UILaunchStoryboardName = LaunchScreen;
				INFOPLIST_KEY_UIMainStoryboardFile = Main;
				INFOPLIST_KEY_UISupportedInterfaceOrientations_iPad = "UIInterfaceOrientationPortrait UIInterfaceOrientationPortraitUpsideDown UIInterfaceOrientationLandscapeLeft UIInterfaceOrientationLandscapeRight";
				INFOPLIST_KEY_UISupportedInterfaceOrientations_iPhone = "UIInterfaceOrientationPortrait UIInterfaceOrientationLandscapeLeft UIInterfaceOrientationLandscapeRight";
				LD_RUNPATH_SEARCH_PATHS = (
					"$(inherited)",
					"@executable_path/Frameworks",
				);
				MARKETING_VERSION = 1.0;
				PRODUCT_BUNDLE_IDENTIFIER = com.Aryan.AddOne;
				PRODUCT_NAME = "$(TARGET_NAME)";
				SWIFT_EMIT_LOC_STRINGS = YES;
				SWIFT_VERSION = 5.0;
				TARGETED_DEVICE_FAMILY = "1,2";
			};
			name = Release;
		};
		9264A1F5279C88F10092D9CB /* Debug */ = {
			isa = XCBuildConfiguration;
			buildSettings = {
				ALWAYS_EMBED_SWIFT_STANDARD_LIBRARIES = YES;
				BUNDLE_LOADER = "$(TEST_HOST)";
				CODE_SIGN_STYLE = Automatic;
				CURRENT_PROJECT_VERSION = 1;
				GENERATE_INFOPLIST_FILE = YES;
				IPHONEOS_DEPLOYMENT_TARGET = 15.2;
				MARKETING_VERSION = 1.0;
				PRODUCT_BUNDLE_IDENTIFIER = com.Aryan.AddOneTests;
				PRODUCT_NAME = "$(TARGET_NAME)";
				SWIFT_EMIT_LOC_STRINGS = NO;
				SWIFT_VERSION = 5.0;
				TARGETED_DEVICE_FAMILY = "1,2";
				TEST_HOST = "$(BUILT_PRODUCTS_DIR)/AddOne.app/AddOne";
			};
			name = Debug;
		};
		9264A1F6279C88F10092D9CB /* Release */ = {
			isa = XCBuildConfiguration;
			buildSettings = {
				ALWAYS_EMBED_SWIFT_STANDARD_LIBRARIES = YES;
				BUNDLE_LOADER = "$(TEST_HOST)";
				CODE_SIGN_STYLE = Automatic;
				CURRENT_PROJECT_VERSION = 1;
				GENERATE_INFOPLIST_FILE = YES;
				IPHONEOS_DEPLOYMENT_TARGET = 15.2;
				MARKETING_VERSION = 1.0;
				PRODUCT_BUNDLE_IDENTIFIER = com.Aryan.AddOneTests;
				PRODUCT_NAME = "$(TARGET_NAME)";
				SWIFT_EMIT_LOC_STRINGS = NO;
				SWIFT_VERSION = 5.0;
				TARGETED_DEVICE_FAMILY = "1,2";
				TEST_HOST = "$(BUILT_PRODUCTS_DIR)/AddOne.app/AddOne";
			};
			name = Release;
		};
		9264A1F8279C88F10092D9CB /* Debug */ = {
			isa = XCBuildConfiguration;
			buildSettings = {
				ALWAYS_EMBED_SWIFT_STANDARD_LIBRARIES = YES;
				CODE_SIGN_STYLE = Automatic;
				CURRENT_PROJECT_VERSION = 1;
				GENERATE_INFOPLIST_FILE = YES;
				MARKETING_VERSION = 1.0;
				PRODUCT_BUNDLE_IDENTIFIER = com.Aryan.AddOneUITests;
				PRODUCT_NAME = "$(TARGET_NAME)";
				SWIFT_EMIT_LOC_STRINGS = NO;
				SWIFT_VERSION = 5.0;
				TARGETED_DEVICE_FAMILY = "1,2";
				TEST_TARGET_NAME = AddOne;
			};
			name = Debug;
		};
		9264A1F9279C88F10092D9CB /* Release */ = {
			isa = XCBuildConfiguration;
			buildSettings = {
				ALWAYS_EMBED_SWIFT_STANDARD_LIBRARIES = YES;
				CODE_SIGN_STYLE = Automatic;
				CURRENT_PROJECT_VERSION = 1;
				GENERATE_INFOPLIST_FILE = YES;
				MARKETING_VERSION = 1.0;
				PRODUCT_BUNDLE_IDENTIFIER = com.Aryan.AddOneUITests;
				PRODUCT_NAME = "$(TARGET_NAME)";
				SWIFT_EMIT_LOC_STRINGS = NO;
				SWIFT_VERSION = 5.0;
				TARGETED_DEVICE_FAMILY = "1,2";
				TEST_TARGET_NAME = AddOne;
			};
			name = Release;
		};
/* End XCBuildConfiguration section */

/* Begin XCConfigurationList section */
		9264A1C2279C88EE0092D9CB /* Build configuration list for PBXProject "AddOne" */ = {
			isa = XCConfigurationList;
			buildConfigurations = (
				9264A1EF279C88F10092D9CB /* Debug */,
				9264A1F0279C88F10092D9CB /* Release */,
			);
			defaultConfigurationIsVisible = 0;
			defaultConfigurationName = Release;
		};
		9264A1F1279C88F10092D9CB /* Build configuration list for PBXNativeTarget "AddOne" */ = {
			isa = XCConfigurationList;
			buildConfigurations = (
				9264A1F2279C88F10092D9CB /* Debug */,
				9264A1F3279C88F10092D9CB /* Release */,
			);
			defaultConfigurationIsVisible = 0;
			defaultConfigurationName = Release;
		};
		9264A1F4279C88F10092D9CB /* Build configuration list for PBXNativeTarget "AddOneTests" */ = {
			isa = XCConfigurationList;
			buildConfigurations = (
				9264A1F5279C88F10092D9CB /* Debug */,
				9264A1F6279C88F10092D9CB /* Release */,
			);
			defaultConfigurationIsVisible = 0;
			defaultConfigurationName = Release;
		};
		9264A1F7279C88F10092D9CB /* Build configuration list for PBXNativeTarget "AddOneUITests" */ = {
			isa = XCConfigurationList;
			buildConfigurations = (
				9264A1F8279C88F10092D9CB /* Debug */,
				9264A1F9279C88F10092D9CB /* Release */,
			);
			defaultConfigurationIsVisible = 0;
			defaultConfigurationName = Release;
		};
/* End XCConfigurationList section */
	};
	rootObject = 9264A1BF279C88EE0092D9CB /* Project object */;
}
